
Microsoft Visual Studio Solution File, Format Version 12.00
# Visual Studio 14
Project("{2150E333-8FDC-42A3-9474-1A3956D46DE8}") = "C Examples", "C Examples", "{8EEA5341-7AE3-7293-A315-58188F6D529F}"
EndProject
Project("{8BC9CEB8-8B4A-11D0-8D11-00A0C91BC942}") = "AcquisitionMultipleCamera_C", "AcquisitionMultipleCamera_C\AcquisitionMultipleCamera_C_vs2015.vcxproj", "{C5CB46AA-31D9-7490-BABF-707B26CC4047}"
EndProject
Project("{8BC9CEB8-8B4A-11D0-8D11-00A0C91BC942}") = "Acquisition_C", "Acquisition_C\Acquisition_C_vs2015.vcxproj", "{304B7BCA-9C0B-F700-6546-407ED1C53BDD}"
EndProject
Project("{8BC9CEB8-8B4A-11D0-8D11-00A0C91BC942}") = "ChunkData_C", "ChunkData_C\ChunkData_C_vs2015.vcxproj", "{DA08740A-46BE-ECFF-CFB2-E6D63B67E303}"
EndProject
Project("{8BC9CEB8-8B4A-11D0-8D11-00A0C91BC942}") = "DeviceEvents_C", "DeviceEvents_C\DeviceEvents_C_vs2015.vcxproj", "{2CA20DFF-1870-0105-0104-722BED70DD69}"
EndProject
Project("{8BC9CEB8-8B4A-11D0-8D11-00A0C91BC942}") = "EnumerationEvents_C", "EnumerationEvents_C\EnumerationEvents_C_vs2015.vcxproj", "{23B80329-8F19-E136-1887-27E984E717F6}"
EndProject
Project("{8BC9CEB8-8B4A-11D0-8D11-00A0C91BC942}") = "Enumeration_C", "Enumeration_C\Enumeration_C_vs2015.vcxproj", "{6E4185F1-DA01-0128-A33C-4AA50FBC4504}"
EndProject
Project("{8BC9CEB8-8B4A-11D0-8D11-00A0C91BC942}") = "Exposure_C", "Exposure_C\Exposure_C_vs2015.vcxproj", "{6220F0B8-4ED8-3106-B7DF-0A62A3B6CCF6}"
EndProject
Project("{8BC9CEB8-8B4A-11D0-8D11-00A0C91BC942}") = "ImageEvents_C", "ImageEvents_C\ImageEvents_C_vs2015.vcxproj", "{BFF6E420-2BB7-6057-F4F1-A9D46071A533}"
EndProject
Project("{8BC9CEB8-8B4A-11D0-8D11-00A0C91BC942}") = "ImageFormatControl_C", "ImageFormatControl_C\ImageFormatControl_C_vs2015.vcxproj", "{947DBF41-800C-490B-292B-5D06159959B1}"
EndProject
Project("{8BC9CEB8-8B4A-11D0-8D11-00A0C91BC942}") = "Logging_C", "Logging_C\Logging_C_vs2015.vcxproj", "{2E5035E8-9ABA-E95E-E3F8-9A044FA2C7B3}"
EndProject
Project("{8BC9CEB8-8B4A-11D0-8D11-00A0C91BC942}") = "LookupTable_C", "LookupTable_C\LookupTable_C_vs2015.vcxproj", "{29558C7F-9515-08B6-5E50-5133CACF4C92}"
EndProject
Project("{8BC9CEB8-8B4A-11D0-8D11-00A0C91BC942}") = "NodeMapCallback_C", "NodeMapCallback_C\NodeMapCallback_C_vs2015.vcxproj", "{78FF31B0-E415-3046-2D8D-BB6799E200CE}"
EndProject
Project("{8BC9CEB8-8B4A-11D0-8D11-00A0C91BC942}") = "NodeMapInfo_C", "NodeMapInfo_C\NodeMapInfo_C_vs2015.vcxproj", "{97F2FA73-03B3-76AA-CCED-BF27386DBB86}"
EndProject
Project("{8BC9CEB8-8B4A-11D0-8D11-00A0C91BC942}") = "SaveToAvi_C", "SaveToAvi_C\SaveToAvi_C_vs2015.vcxproj", "{79E2B1E1-E597-2AD7-6E8C-24AEDA4021DB}"
EndProject
Project("{8BC9CEB8-8B4A-11D0-8D11-00A0C91BC942}") = "Sequencer_C", "Sequencer_C\Sequencer_C_vs2015.vcxproj", "{3235328C-9EEA-AA81-27DF-A4589393A185}"
EndProject
Project("{8BC9CEB8-8B4A-11D0-8D11-00A0C91BC942}") = "Trigger_C", "Trigger_C\Trigger_C_vs2015.vcxproj", "{BBDEA9EA-2749-5E61-7087-0F07DC303CB6}"
EndProject
Project("{2150E333-8FDC-42A3-9474-1A3956D46DE8}") = "C++ Examples", "C++ Examples", "{C4FCC281-B0E0-83D7-1941-7E2A05446E59}"
EndProject
Project("{8BC9CEB8-8B4A-11D0-8D11-00A0C91BC942}") = "Acquisition", "Acquisition\Acquisition_vs2015.vcxproj", "{2EBB9F63-9A70-1859-2365-12308F190F5D}"
EndProject
Project("{8BC9CEB8-8B4A-11D0-8D11-00A0C91BC942}") = "AcquisitionMultipleCameraRecovery", "AcquisitionMultipleCameraRecovery\AcquisitionMultipleCameraRecovery_vs2015.vcxproj", "{8312F8CB-EFD4-2B56-3885-BAE2A4860434}"
EndProject
Project("{8BC9CEB8-8B4A-11D0-8D11-00A0C91BC942}") = "AcquisitionMultipleThread", "AcquisitionMultipleThread\AcquisitionMultipleThread_vs2015.vcxproj", "{722C21F4-DEEE-547E-279F-E30A93A02D5C}"
EndProject
Project("{8BC9CEB8-8B4A-11D0-8D11-00A0C91BC942}") = "AcquisitionUserBuffer", "AcquisitionUserBuffer\AcquisitionUserBuffer_vs2015.vcxproj", "{E7C1D17B-F4A8-4FFA-89A3-E3517496978A}"
EndProject
Project("{8BC9CEB8-8B4A-11D0-8D11-00A0C91BC942}") = "ActionCommand", "ActionCommand\ActionCommand_vs2015.vcxproj", "{425F2CCF-AE1F-A805-775A-F182E3D9ECE1}"
EndProject
Project("{8BC9CEB8-8B4A-11D0-8D11-00A0C91BC942}") = "BufferHandling", "BufferHandling\BufferHandling_vs2015.vcxproj", "{958FEC15-0F27-4E04-8BA1-977CFF6407EC}"
EndProject
Project("{8BC9CEB8-8B4A-11D0-8D11-00A0C91BC942}") = "ChunkData", "ChunkData\ChunkData_vs2015.vcxproj", "{580619A0-C470-CD16-0DAF-7EBC7958AB6B}"
EndProject
Project("{8BC9CEB8-8B4A-11D0-8D11-00A0C91BC942}") = "CounterAndTimer", "CounterAndTimer\CounterAndTimer_vs2015.vcxproj", "{D55E006C-F3FB-4832-A657-8255FB1260FD}"
EndProject
Project("{8BC9CEB8-8B4A-11D0-8D11-00A0C91BC942}") = "DeviceEvents", "DeviceEvents\DeviceEvents_vs2015.vcxproj", "{2A237800-1686-07A5-BF0B-405BAB4DD327}"
EndProject
Project("{8BC9CEB8-8B4A-11D0-8D11-00A0C91BC942}") = "Enumeration", "Enumeration\Enumeration_vs2015.vcxproj", "{EC099BDE-58BF-13D4-E1B3-0DAB4D680AD8}"
EndProject
Project("{8BC9CEB8-8B4A-11D0-8D11-00A0C91BC942}") = "EnumerationEvents", "EnumerationEvents\EnumerationEvents_vs2015.vcxproj", "{614F3293-CD65-3029-16DD-BB4A823201B1}"
EndProject
Project("{8BC9CEB8-8B4A-11D0-8D11-00A0C91BC942}") = "ExceptionHandling", "ExceptionHandling\ExceptionHandling_vs2015.vcxproj", "{7977FE57-E58D-FCED-2E05-880F9A5ACD75}"
EndProject
Project("{8BC9CEB8-8B4A-11D0-8D11-00A0C91BC942}") = "Exposure", "Exposure\Exposure_vs2015.vcxproj", "{E09B194C-CC68-7457-F581-62FFE1ADA9E5}"
EndProject
Project("{8BC9CEB8-8B4A-11D0-8D11-00A0C91BC942}") = "GigEVisionPerformance", "GigEVisionPerformance\GigEVisionPerformance_vs2015.vcxproj", "{4B205313-B78C-0E0E-8080-A66BECAB3076}"
EndProject
Project("{8BC9CEB8-8B4A-11D0-8D11-00A0C91BC942}") = "ImageEvents", "ImageEvents\ImageEvents_vs2015.vcxproj", "{FD363BE5-69EC-B3DA-F2E0-ADB15E95AADE}"
EndProject
Project("{8BC9CEB8-8B4A-11D0-8D11-00A0C91BC942}") = "ImageFormatControl", "ImageFormatControl\ImageFormatControl_vs2015.vcxproj", "{9204ACE6-7EE8-6C3C-E748-678FD34B57BE}"
EndProject
Project("{8BC9CEB8-8B4A-11D0-8D11-00A0C91BC942}") = "Inference", "Inference\Inference_vs2015.vcxproj", "{24363B9E-2DEF-4899-9BD6-89D3569784E1}"
EndProject
Project("{8BC9CEB8-8B4A-11D0-8D11-00A0C91BC942}") = "Logging", "Logging\Logging_vs2015.vcxproj", "{AC6878E8-1848-F783-2160-825A8DBE5DE5}"
EndProject
Project("{8BC9CEB8-8B4A-11D0-8D11-00A0C91BC942}") = "LogicBlock", "LogicBlock\LogicBlock_vs2015.vcxproj", "{A50BF0A4-81E0-4C38-85C1-60C3F5B668B4}"
EndProject
Project("{8BC9CEB8-8B4A-11D0-8D11-00A0C91BC942}") = "LookupTable", "LookupTable\LookupTable_vs2015.vcxproj", "{E7F2C3BE-53A8-3CB4-DC9C-368B485133B8}"
EndProject
Project("{8BC9CEB8-8B4A-11D0-8D11-00A0C91BC942}") = "NodeMapCallback", "NodeMapCallback\NodeMapCallback_vs2015.vcxproj", "{76BD0CFA-E248-7ABE-EB59-FDB25764D6BE}"
EndProject
Project("{8BC9CEB8-8B4A-11D0-8D11-00A0C91BC942}") = "NodeMapInfo", "NodeMapInfo\NodeMapInfo_vs2015.vcxproj", "{D55C7016-4112-E90B-CA06-E3E236BBDF0F}"
EndProject
Project("{8BC9CEB8-8B4A-11D0-8D11-00A0C91BC942}") = "Polarization", "Polarization\Polarization_vs2015.vcxproj", "{4A2198F1-1828-49A9-9E4F-DBC43D9CDB9B}"
EndProject
Project("{8BC9CEB8-8B4A-11D0-8D11-00A0C91BC942}") = "SaveToAvi", "SaveToAvi\SaveToAvi_vs2015.vcxproj", "{37EC85A8-A356-3A1F-EC94-EBC4583E1874}"
EndProject
Project("{8BC9CEB8-8B4A-11D0-8D11-00A0C91BC942}") = "Sequencer", "Sequencer\Sequencer_vs2015.vcxproj", "{B03C30FF-1CA7-E475-65E5-951BD18EC2CA}"
EndProject
Project("{8BC9CEB8-8B4A-11D0-8D11-00A0C91BC942}") = "SerialRxTx", "SerialRxTx\SerialRxTx_vs2015.vcxproj", "{64290094-BCA8-42C0-B398-D3EEC8BD7B8F}"
EndProject
Project("{8BC9CEB8-8B4A-11D0-8D11-00A0C91BC942}") = "SpinSimpleGUI_MFC", "SpinSimpleGUI_MFC\SpinSimpleGUI_MFC_vs2015.vcxproj", "{437243B5-AF88-414B-F8FF-CC6C645512D3}"
EndProject
Project("{8BC9CEB8-8B4A-11D0-8D11-00A0C91BC942}") = "Trigger", "Trigger\Trigger_vs2015.vcxproj", "{F9EF6D57-65CF-ECF2-6EE7-77C9DA455354}"
EndProject
Project("{2150E333-8FDC-42A3-9474-1A3956D46DE8}") = "CSharp Examples", "CSharp Examples", "{AC6E6588-18DB-2083-E1CE-B8E04DFA42EB}"
EndProject
Project("{FAE04EC0-301F-11D3-BF4B-00C04F79EFBC}") = "AcquisitionMultipleCamera_CSharp", "AcquisitionMultipleCamera_CSharp\AcquisitionMultipleCamera_CSharp_vs2015.csproj", "{E393DE5E-CFE4-C9A0-F848-B862E4F85C0A}"
EndProject
Project("{FAE04EC0-301F-11D3-BF4B-00C04F79EFBC}") = "AcquisitionMultipleThread_CSharp", "AcquisitionMultipleThread_CSharp\AcquisitionMultipleThread_CSharp_vs2015.csproj", "{F24A279E-DE9B-12E0-0700-01A2F3AFA549}"
EndProject
Project("{FAE04EC0-301F-11D3-BF4B-00C04F79EFBC}") = "Acquisition_CSharp", "Acquisition_CSharp\Acquisition_CSharp_vs2015.csproj", "{2E6E52F8-1A52-134E-83B2-0DA16FB5FDCF}"
EndProject
Project("{FAE04EC0-301F-11D3-BF4B-00C04F79EFBC}") = "BufferHandling_CSharp", "BufferHandling_CSharp\BufferHandling_CSharp_vs2015.csproj", "{2895D90F-19A5-452C-A0BF-7D84F836AE48}"
EndProject
Project("{FAE04EC0-301F-11D3-BF4B-00C04F79EFBC}") = "ChunkData_CSharp", "ChunkData_CSharp\ChunkData_CSharp_vs2015.csproj", "{1846D65E-043F-F5B0-2D71-DA3519C9D4BC}"
EndProject
Project("{FAE04EC0-301F-11D3-BF4B-00C04F79EFBC}") = "CounterAndTimer_CSharp", "CounterAndTimer_CSharp\CounterAndTimer_CSharp_vs2015.csproj", "{010AF17D-D54A-4D2D-97F9-1056927838A4}"
EndProject
Project("{FAE04EC0-301F-11D3-BF4B-00C04F79EFBC}") = "DeviceEvents_CSharp", "DeviceEvents_CSharp\DeviceEvents_CSharp_vs2015.csproj", "{AA829EBF-16E4-7BCD-9F51-C27F0BB2B28C}"
EndProject
Project("{FAE04EC0-301F-11D3-BF4B-00C04F79EFBC}") = "EnumerationEvents_CSharp", "EnumerationEvents_CSharp\EnumerationEvents_CSharp_vs2015.csproj", "{01EBD3CF-ED0F-2350-165B-08E002DF216E}"
EndProject
Project("{FAE04EC0-301F-11D3-BF4B-00C04F79EFBC}") = "Enumeration_CSharp", "Enumeration_CSharp\Enumeration_CSharp_vs2015.csproj", "{2CFBA552-18DF-66A8-813F-61FB6D42512A}"
EndProject
Project("{FAE04EC0-301F-11D3-BF4B-00C04F79EFBC}") = "ExceptionHandling_CSharp", "ExceptionHandling_CSharp\ExceptionHandling_CSharp_vs2015.csproj", "{19088F26-052D-DEA6-2E78-C3361AFCDCC4}"
EndProject
Project("{FAE04EC0-301F-11D3-BF4B-00C04F79EFBC}") = "Exposure_CSharp", "Exposure_CSharp\Exposure_CSharp_vs2015.csproj", "{A052B65E-0CDE-2323-15EF-A61781F97F23}"
EndProject
Project("{FAE04EC0-301F-11D3-BF4B-00C04F79EFBC}") = "ImageEvents_CSharp", "ImageEvents_CSharp\ImageEvents_CSharp_vs2015.csproj", "{1DAB10E8-098F-D13D-72EF-CB905EF2BBBF}"
EndProject
Project("{FAE04EC0-301F-11D3-BF4B-00C04F79EFBC}") = "ImageFormatControl_CSharp", "ImageFormatControl_CSharp\ImageFormatControl_CSharp_vs2015.csproj", "{12BF4925-7E81-7DAF-C731-0C3C3333568D}"
EndProject
Project("{FAE04EC0-301F-11D3-BF4B-00C04F79EFBC}") = "Inference_CSharp", "Inference_CSharp\Inference_CSharp_vs2015.csproj", "{309579C6-D84F-4231-A18A-C255499D107B}"
EndProject
Project("{FAE04EC0-301F-11D3-BF4B-00C04F79EFBC}") = "Logging_CSharp", "Logging_CSharp\Logging_CSharp_vs2015.csproj", "{EC416D5F-D80F-6165-C1A3-D18BAD103DCA}"
EndProject
Project("{FAE04EC0-301F-11D3-BF4B-00C04F79EFBC}") = "LookupTable_CSharp", "LookupTable_CSharp\LookupTable_CSharp_vs2015.csproj", "{C79B45C3-B37F-0619-1CE0-006C08E3F09A}"
EndProject
Project("{FAE04EC0-301F-11D3-BF4B-00C04F79EFBC}") = "NodeMapCallback_CSharp", "NodeMapCallback_CSharp\NodeMapCallback_CSharp_vs2015.csproj", "{760F4D68-6209-76BA-4B76-0CCB370FDC26}"
EndProject
Project("{FAE04EC0-301F-11D3-BF4B-00C04F79EFBC}") = "NodeMapInfo_CSharp", "NodeMapInfo_CSharp\NodeMapInfo_CSharp_vs2015.csproj", "{F5CDF5E6-E1B1-B63C-4A12-B18F3615A1BE}"
EndProject
Project("{FAE04EC0-301F-11D3-BF4B-00C04F79EFBC}") = "Polarization_CSharp", "Polarization_CSharp\Polarization_CSharp_vs2015.csproj", "{BD1AA73D-B577-49DE-91B8-551C566F5C46}"
EndProject
Project("{FAE04EC0-301F-11D3-BF4B-00C04F79EFBC}") = "SaveToAvi_CSharp", "SaveToAvi_CSharp\SaveToAvi_CSharp_vs2015.csproj", "{17FB87E6-03F4-A638-2C26-8CBD187E8644}"
EndProject
Project("{FAE04EC0-301F-11D3-BF4B-00C04F79EFBC}") = "Sequencer_CSharp", "Sequencer_CSharp\Sequencer_CSharp_vs2015.csproj", "{70E99517-5CE2-B469-8514-9AEE716C9475}"
EndProject
Project("{FAE04EC0-301F-11D3-BF4B-00C04F79EFBC}") = "SpinPixelCorrection_WPF", "SpinPixelCorrection_WPF\SpinPixelCorrection_WPF_vs2015.csproj", "{2547231D-917E-6BB4-9A88-CFD7063F92AD}"
EndProject
Project("{FAE04EC0-301F-11D3-BF4B-00C04F79EFBC}") = "SpinSimpleGUI_WPF", "SpinSimpleGUI_WPF\SpinSimpleGUI_WPF_vs2015.csproj", "{1A9E43B5-86B4-414B-CF2B-CD6C3B8112D3}"
EndProject
Project("{FAE04EC0-301F-11D3-BF4B-00C04F79EFBC}") = "Trigger_CSharp", "Trigger_CSharp\Trigger_CSharp_vs2015.csproj", "{99F0D18F-85BE-C595-6E52-36BC5ABFA1FA}"
EndProject
Project("{2150E333-8FDC-42A3-9474-1A3956D46DE8}") = "Examples - QuickSpin", "Examples - QuickSpin", "{4FD271FD-3BE2-1DCE-A49B-82EC90CA0C67}"
EndProject
Project("{2150E333-8FDC-42A3-9474-1A3956D46DE8}") = "C", "C", "{61A82F21-4D63-1FCD-F61A-9817E2B4695D}"
EndProject
Project("{8BC9CEB8-8B4A-11D0-8D11-00A0C91BC942}") = "Enumeration_C_QuickSpin", "Enumeration_C_QuickSpin\Enumeration_C_QuickSpin_vs2015.vcxproj", "{8497530A-F0CE-9BA1-F9D8-FFC4658FC29A}"
EndProject
Project("{8BC9CEB8-8B4A-11D0-8D11-00A0C91BC942}") = "Exposure_C_QuickSpin", "Exposure_C_QuickSpin\Exposure_C_QuickSpin_vs2015.vcxproj", "{78B7C81F-6446-52E9-0D65-66E4F9D2628F}"
EndProject
Project("{8BC9CEB8-8B4A-11D0-8D11-00A0C91BC942}") = "ImageFormatControl_C_QuickSpin", "ImageFormatControl_C_QuickSpin\ImageFormatControl_C_QuickSpin_vs2015.vcxproj", "{2ABB4BF1-16E1-1558-FF26-9B23EBEB3A24}"
EndProject
Project("{8BC9CEB8-8B4A-11D0-8D11-00A0C91BC942}") = "NodeMapInfo_C_QuickSpin", "NodeMapInfo_C_QuickSpin\NodeMapInfo_C_QuickSpin_vs2015.vcxproj", "{ED8F3358-59C7-7BEF-62D1-DF12CE87A2E8}"
EndProject
Project("{8BC9CEB8-8B4A-11D0-8D11-00A0C91BC942}") = "Trigger_C_QuickSpin", "Trigger_C_QuickSpin\Trigger_C_QuickSpin_vs2015.vcxproj", "{11F982B8-7D5A-60C6-06C8-A67872289785}"
EndProject
Project("{2150E333-8FDC-42A3-9474-1A3956D46DE8}") = "C++", "C++", "{574ABB2B-4370-8592-2CB6-0A5E187BAA5E}"
EndProject
Project("{8BC9CEB8-8B4A-11D0-8D11-00A0C91BC942}") = "Enumeration_QuickSpin", "Enumeration_QuickSpin\Enumeration_QuickSpin_vs2015.vcxproj", "{8295E426-EE01-A021-B7F5-377F2321C289}"
EndProject
Project("{8BC9CEB8-8B4A-11D0-8D11-00A0C91BC942}") = "Exposure_QuickSpin", "Exposure_QuickSpin\Exposure_QuickSpin_vs2015.vcxproj", "{7628E9A8-620C-AAFE-CB6C-A451B76F9480}"
EndProject
Project("{8BC9CEB8-8B4A-11D0-8D11-00A0C91BC942}") = "FileAccess_QuickSpin", "FileAccess_QuickSpin\FileAccess_QuickSpin_vs2015.vcxproj", "{B922F505-787B-48DF-8458-647C3FF3E5F4}"
EndProject
Project("{8BC9CEB8-8B4A-11D0-8D11-00A0C91BC942}") = "ImageFormatControl_QuickSpin", "ImageFormatControl_QuickSpin\ImageFormatControl_QuickSpin_vs2015.vcxproj", "{A8971386-9452-0332-3D0A-7C7C29A44DC2}"
EndProject
Project("{8BC9CEB8-8B4A-11D0-8D11-00A0C91BC942}") = "NodeMapInfo_QuickSpin", "NodeMapInfo_QuickSpin\NodeMapInfo_QuickSpin_vs2015.vcxproj", "{AB5F6900-17CC-24FB-E0BF-BC584CEB4663}"
EndProject
Project("{8BC9CEB8-8B4A-11D0-8D11-00A0C91BC942}") = "Trigger_QuickSpin", "Trigger_QuickSpin\Trigger_QuickSpin_vs2015.vcxproj", "{CF2FC45E-3B46-C2F4-84BD-4D16F012937C}"
EndProject
Project("{2150E333-8FDC-42A3-9474-1A3956D46DE8}") = "CSharp", "CSharp", "{FFB19501-6B20-EB80-B409-A68020B7E01C}"
EndProject
Project("{FAE04EC0-301F-11D3-BF4B-00C04F79EFBC}") = "Enumeration_CSharp_QuickSpin", "Enumeration_CSharp_QuickSpin\Enumeration_CSharp_QuickSpin_vs2015.csproj", "{C2163E4D-AED1-2DF9-5789-A64343237889}"
EndProject
Project("{FAE04EC0-301F-11D3-BF4B-00C04F79EFBC}") = "Exposure_CSharp_QuickSpin", "Exposure_CSharp_QuickSpin\Exposure_CSharp_QuickSpin_vs2015.csproj", "{364FE99C-A211-1D27-EBC1-ABB357C3F504}"
EndProject
Project("{FAE04EC0-301F-11D3-BF4B-00C04F79EFBC}") = "ImageFormatControl_CSharp_QuickSpin", "ImageFormatControl_CSharp_QuickSpin\ImageFormatControl_CSharp_QuickSpin_vs2015.csproj", "{2872FC76-942B-6721-1D8B-81FB89431D91}"
EndProject
Project("{FAE04EC0-301F-11D3-BF4B-00C04F79EFBC}") = "NodeMapInfo_CSharp_QuickSpin", "NodeMapInfo_CSharp_QuickSpin\NodeMapInfo_CSharp_QuickSpin_vs2015.csproj", "{CBB8C692-B773-B63E-602B-2F894CC500CF}"
EndProject
Project("{FAE04EC0-301F-11D3-BF4B-00C04F79EFBC}") = "Trigger_CSharp_QuickSpin", "Trigger_CSharp_QuickSpin\Trigger_CSharp_QuickSpin_vs2015.csproj", "{6F7819BE-5B9D-683E-84E8-4DCE706C675C}"
EndProject
Global
	GlobalSection(SolutionConfigurationPlatforms) = preSolution
		Debug|x64 = Debug|x64
		Debug|x86 = Debug|x86
		Release|x64 = Release|x64
		Release|x86 = Release|x86
	EndGlobalSection
	GlobalSection(ProjectConfigurationPlatforms) = postSolution
		{C5CB46AA-31D9-7490-BABF-707B26CC4047}.Debug|x64.ActiveCfg = Debug|x64
		{C5CB46AA-31D9-7490-BABF-707B26CC4047}.Debug|x64.Build.0 = Debug|x64
		{C5CB46AA-31D9-7490-BABF-707B26CC4047}.Debug|x86.ActiveCfg = Debug|Win32
		{C5CB46AA-31D9-7490-BABF-707B26CC4047}.Debug|x86.Build.0 = Debug|Win32
		{C5CB46AA-31D9-7490-BABF-707B26CC4047}.Release|x64.ActiveCfg = Release|x64
		{C5CB46AA-31D9-7490-BABF-707B26CC4047}.Release|x64.Build.0 = Release|x64
		{C5CB46AA-31D9-7490-BABF-707B26CC4047}.Release|x86.ActiveCfg = Release|Win32
		{C5CB46AA-31D9-7490-BABF-707B26CC4047}.Release|x86.Build.0 = Release|Win32
		{304B7BCA-9C0B-F700-6546-407ED1C53BDD}.Debug|x64.ActiveCfg = Debug|x64
		{304B7BCA-9C0B-F700-6546-407ED1C53BDD}.Debug|x64.Build.0 = Debug|x64
		{304B7BCA-9C0B-F700-6546-407ED1C53BDD}.Debug|x86.ActiveCfg = Debug|Win32
		{304B7BCA-9C0B-F700-6546-407ED1C53BDD}.Debug|x86.Build.0 = Debug|Win32
		{304B7BCA-9C0B-F700-6546-407ED1C53BDD}.Release|x64.ActiveCfg = Release|x64
		{304B7BCA-9C0B-F700-6546-407ED1C53BDD}.Release|x64.Build.0 = Release|x64
		{304B7BCA-9C0B-F700-6546-407ED1C53BDD}.Release|x86.ActiveCfg = Release|Win32
		{304B7BCA-9C0B-F700-6546-407ED1C53BDD}.Release|x86.Build.0 = Release|Win32
		{DA08740A-46BE-ECFF-CFB2-E6D63B67E303}.Debug|x64.ActiveCfg = Debug|x64
		{DA08740A-46BE-ECFF-CFB2-E6D63B67E303}.Debug|x64.Build.0 = Debug|x64
		{DA08740A-46BE-ECFF-CFB2-E6D63B67E303}.Debug|x86.ActiveCfg = Debug|Win32
		{DA08740A-46BE-ECFF-CFB2-E6D63B67E303}.Debug|x86.Build.0 = Debug|Win32
		{DA08740A-46BE-ECFF-CFB2-E6D63B67E303}.Release|x64.ActiveCfg = Release|x64
		{DA08740A-46BE-ECFF-CFB2-E6D63B67E303}.Release|x64.Build.0 = Release|x64
		{DA08740A-46BE-ECFF-CFB2-E6D63B67E303}.Release|x86.ActiveCfg = Release|Win32
		{DA08740A-46BE-ECFF-CFB2-E6D63B67E303}.Release|x86.Build.0 = Release|Win32
		{2CA20DFF-1870-0105-0104-722BED70DD69}.Debug|x64.ActiveCfg = Debug|x64
		{2CA20DFF-1870-0105-0104-722BED70DD69}.Debug|x64.Build.0 = Debug|x64
		{2CA20DFF-1870-0105-0104-722BED70DD69}.Debug|x86.ActiveCfg = Debug|Win32
		{2CA20DFF-1870-0105-0104-722BED70DD69}.Debug|x86.Build.0 = Debug|Win32
		{2CA20DFF-1870-0105-0104-722BED70DD69}.Release|x64.ActiveCfg = Release|x64
		{2CA20DFF-1870-0105-0104-722BED70DD69}.Release|x64.Build.0 = Release|x64
		{2CA20DFF-1870-0105-0104-722BED70DD69}.Release|x86.ActiveCfg = Release|Win32
		{2CA20DFF-1870-0105-0104-722BED70DD69}.Release|x86.Build.0 = Release|Win32
		{23B80329-8F19-E136-1887-27E984E717F6}.Debug|x64.ActiveCfg = Debug|x64
		{23B80329-8F19-E136-1887-27E984E717F6}.Debug|x64.Build.0 = Debug|x64
		{23B80329-8F19-E136-1887-27E984E717F6}.Debug|x86.ActiveCfg = Debug|Win32
		{23B80329-8F19-E136-1887-27E984E717F6}.Debug|x86.Build.0 = Debug|Win32
		{23B80329-8F19-E136-1887-27E984E717F6}.Release|x64.ActiveCfg = Release|x64
		{23B80329-8F19-E136-1887-27E984E717F6}.Release|x64.Build.0 = Release|x64
		{23B80329-8F19-E136-1887-27E984E717F6}.Release|x86.ActiveCfg = Release|Win32
		{23B80329-8F19-E136-1887-27E984E717F6}.Release|x86.Build.0 = Release|Win32
		{6E4185F1-DA01-0128-A33C-4AA50FBC4504}.Debug|x64.ActiveCfg = Debug|x64
		{6E4185F1-DA01-0128-A33C-4AA50FBC4504}.Debug|x64.Build.0 = Debug|x64
		{6E4185F1-DA01-0128-A33C-4AA50FBC4504}.Debug|x86.ActiveCfg = Debug|Win32
		{6E4185F1-DA01-0128-A33C-4AA50FBC4504}.Debug|x86.Build.0 = Debug|Win32
		{6E4185F1-DA01-0128-A33C-4AA50FBC4504}.Release|x64.ActiveCfg = Release|x64
		{6E4185F1-DA01-0128-A33C-4AA50FBC4504}.Release|x64.Build.0 = Release|x64
		{6E4185F1-DA01-0128-A33C-4AA50FBC4504}.Release|x86.ActiveCfg = Release|Win32
		{6E4185F1-DA01-0128-A33C-4AA50FBC4504}.Release|x86.Build.0 = Release|Win32
		{6220F0B8-4ED8-3106-B7DF-0A62A3B6CCF6}.Debug|x64.ActiveCfg = Debug|x64
		{6220F0B8-4ED8-3106-B7DF-0A62A3B6CCF6}.Debug|x64.Build.0 = Debug|x64
		{6220F0B8-4ED8-3106-B7DF-0A62A3B6CCF6}.Debug|x86.ActiveCfg = Debug|Win32
		{6220F0B8-4ED8-3106-B7DF-0A62A3B6CCF6}.Debug|x86.Build.0 = Debug|Win32
		{6220F0B8-4ED8-3106-B7DF-0A62A3B6CCF6}.Release|x64.ActiveCfg = Release|x64
		{6220F0B8-4ED8-3106-B7DF-0A62A3B6CCF6}.Release|x64.Build.0 = Release|x64
		{6220F0B8-4ED8-3106-B7DF-0A62A3B6CCF6}.Release|x86.ActiveCfg = Release|Win32
		{6220F0B8-4ED8-3106-B7DF-0A62A3B6CCF6}.Release|x86.Build.0 = Release|Win32
		{BFF6E420-2BB7-6057-F4F1-A9D46071A533}.Debug|x64.ActiveCfg = Debug|x64
		{BFF6E420-2BB7-6057-F4F1-A9D46071A533}.Debug|x64.Build.0 = Debug|x64
		{BFF6E420-2BB7-6057-F4F1-A9D46071A533}.Debug|x86.ActiveCfg = Debug|Win32
		{BFF6E420-2BB7-6057-F4F1-A9D46071A533}.Debug|x86.Build.0 = Debug|Win32
		{BFF6E420-2BB7-6057-F4F1-A9D46071A533}.Release|x64.ActiveCfg = Release|x64
		{BFF6E420-2BB7-6057-F4F1-A9D46071A533}.Release|x64.Build.0 = Release|x64
		{BFF6E420-2BB7-6057-F4F1-A9D46071A533}.Release|x86.ActiveCfg = Release|Win32
		{BFF6E420-2BB7-6057-F4F1-A9D46071A533}.Release|x86.Build.0 = Release|Win32
		{947DBF41-800C-490B-292B-5D06159959B1}.Debug|x64.ActiveCfg = Debug|x64
		{947DBF41-800C-490B-292B-5D06159959B1}.Debug|x64.Build.0 = Debug|x64
		{947DBF41-800C-490B-292B-5D06159959B1}.Debug|x86.ActiveCfg = Debug|Win32
		{947DBF41-800C-490B-292B-5D06159959B1}.Debug|x86.Build.0 = Debug|Win32
		{947DBF41-800C-490B-292B-5D06159959B1}.Release|x64.ActiveCfg = Release|x64
		{947DBF41-800C-490B-292B-5D06159959B1}.Release|x64.Build.0 = Release|x64
		{947DBF41-800C-490B-292B-5D06159959B1}.Release|x86.ActiveCfg = Release|Win32
		{947DBF41-800C-490B-292B-5D06159959B1}.Release|x86.Build.0 = Release|Win32
		{2E5035E8-9ABA-E95E-E3F8-9A044FA2C7B3}.Debug|x64.ActiveCfg = Debug|x64
		{2E5035E8-9ABA-E95E-E3F8-9A044FA2C7B3}.Debug|x64.Build.0 = Debug|x64
		{2E5035E8-9ABA-E95E-E3F8-9A044FA2C7B3}.Debug|x86.ActiveCfg = Debug|Win32
		{2E5035E8-9ABA-E95E-E3F8-9A044FA2C7B3}.Debug|x86.Build.0 = Debug|Win32
		{2E5035E8-9ABA-E95E-E3F8-9A044FA2C7B3}.Release|x64.ActiveCfg = Release|x64
		{2E5035E8-9ABA-E95E-E3F8-9A044FA2C7B3}.Release|x64.Build.0 = Release|x64
		{2E5035E8-9ABA-E95E-E3F8-9A044FA2C7B3}.Release|x86.ActiveCfg = Release|Win32
		{2E5035E8-9ABA-E95E-E3F8-9A044FA2C7B3}.Release|x86.Build.0 = Release|Win32
		{29558C7F-9515-08B6-5E50-5133CACF4C92}.Debug|x64.ActiveCfg = Debug|x64
		{29558C7F-9515-08B6-5E50-5133CACF4C92}.Debug|x64.Build.0 = Debug|x64
		{29558C7F-9515-08B6-5E50-5133CACF4C92}.Debug|x86.ActiveCfg = Debug|Win32
		{29558C7F-9515-08B6-5E50-5133CACF4C92}.Debug|x86.Build.0 = Debug|Win32
		{29558C7F-9515-08B6-5E50-5133CACF4C92}.Release|x64.ActiveCfg = Release|x64
		{29558C7F-9515-08B6-5E50-5133CACF4C92}.Release|x64.Build.0 = Release|x64
		{29558C7F-9515-08B6-5E50-5133CACF4C92}.Release|x86.ActiveCfg = Release|Win32
		{29558C7F-9515-08B6-5E50-5133CACF4C92}.Release|x86.Build.0 = Release|Win32
		{78FF31B0-E415-3046-2D8D-BB6799E200CE}.Debug|x64.ActiveCfg = Debug|x64
		{78FF31B0-E415-3046-2D8D-BB6799E200CE}.Debug|x64.Build.0 = Debug|x64
		{78FF31B0-E415-3046-2D8D-BB6799E200CE}.Debug|x86.ActiveCfg = Debug|Win32
		{78FF31B0-E415-3046-2D8D-BB6799E200CE}.Debug|x86.Build.0 = Debug|Win32
		{78FF31B0-E415-3046-2D8D-BB6799E200CE}.Release|x64.ActiveCfg = Release|x64
		{78FF31B0-E415-3046-2D8D-BB6799E200CE}.Release|x64.Build.0 = Release|x64
		{78FF31B0-E415-3046-2D8D-BB6799E200CE}.Release|x86.ActiveCfg = Release|Win32
		{78FF31B0-E415-3046-2D8D-BB6799E200CE}.Release|x86.Build.0 = Release|Win32
		{97F2FA73-03B3-76AA-CCED-BF27386DBB86}.Debug|x64.ActiveCfg = Debug|x64
		{97F2FA73-03B3-76AA-CCED-BF27386DBB86}.Debug|x64.Build.0 = Debug|x64
		{97F2FA73-03B3-76AA-CCED-BF27386DBB86}.Debug|x86.ActiveCfg = Debug|Win32
		{97F2FA73-03B3-76AA-CCED-BF27386DBB86}.Debug|x86.Build.0 = Debug|Win32
		{97F2FA73-03B3-76AA-CCED-BF27386DBB86}.Release|x64.ActiveCfg = Release|x64
		{97F2FA73-03B3-76AA-CCED-BF27386DBB86}.Release|x64.Build.0 = Release|x64
		{97F2FA73-03B3-76AA-CCED-BF27386DBB86}.Release|x86.ActiveCfg = Release|Win32
		{97F2FA73-03B3-76AA-CCED-BF27386DBB86}.Release|x86.Build.0 = Release|Win32
		{79E2B1E1-E597-2AD7-6E8C-24AEDA4021DB}.Debug|x64.ActiveCfg = Debug|x64
		{79E2B1E1-E597-2AD7-6E8C-24AEDA4021DB}.Debug|x64.Build.0 = Debug|x64
		{79E2B1E1-E597-2AD7-6E8C-24AEDA4021DB}.Debug|x86.ActiveCfg = Debug|Win32
		{79E2B1E1-E597-2AD7-6E8C-24AEDA4021DB}.Debug|x86.Build.0 = Debug|Win32
		{79E2B1E1-E597-2AD7-6E8C-24AEDA4021DB}.Release|x64.ActiveCfg = Release|x64
		{79E2B1E1-E597-2AD7-6E8C-24AEDA4021DB}.Release|x64.Build.0 = Release|x64
		{79E2B1E1-E597-2AD7-6E8C-24AEDA4021DB}.Release|x86.ActiveCfg = Release|Win32
		{79E2B1E1-E597-2AD7-6E8C-24AEDA4021DB}.Release|x86.Build.0 = Release|Win32
		{3235328C-9EEA-AA81-27DF-A4589393A185}.Debug|x64.ActiveCfg = Debug|x64
		{3235328C-9EEA-AA81-27DF-A4589393A185}.Debug|x64.Build.0 = Debug|x64
		{3235328C-9EEA-AA81-27DF-A4589393A185}.Debug|x86.ActiveCfg = Debug|Win32
		{3235328C-9EEA-AA81-27DF-A4589393A185}.Debug|x86.Build.0 = Debug|Win32
		{3235328C-9EEA-AA81-27DF-A4589393A185}.Release|x64.ActiveCfg = Release|x64
		{3235328C-9EEA-AA81-27DF-A4589393A185}.Release|x64.Build.0 = Release|x64
		{3235328C-9EEA-AA81-27DF-A4589393A185}.Release|x86.ActiveCfg = Release|Win32
		{3235328C-9EEA-AA81-27DF-A4589393A185}.Release|x86.Build.0 = Release|Win32
		{BBDEA9EA-2749-5E61-7087-0F07DC303CB6}.Debug|x64.ActiveCfg = Debug|x64
		{BBDEA9EA-2749-5E61-7087-0F07DC303CB6}.Debug|x64.Build.0 = Debug|x64
		{BBDEA9EA-2749-5E61-7087-0F07DC303CB6}.Debug|x86.ActiveCfg = Debug|Win32
		{BBDEA9EA-2749-5E61-7087-0F07DC303CB6}.Debug|x86.Build.0 = Debug|Win32
		{BBDEA9EA-2749-5E61-7087-0F07DC303CB6}.Release|x64.ActiveCfg = Release|x64
		{BBDEA9EA-2749-5E61-7087-0F07DC303CB6}.Release|x64.Build.0 = Release|x64
		{BBDEA9EA-2749-5E61-7087-0F07DC303CB6}.Release|x86.ActiveCfg = Release|Win32
		{BBDEA9EA-2749-5E61-7087-0F07DC303CB6}.Release|x86.Build.0 = Release|Win32
		{2EBB9F63-9A70-1859-2365-12308F190F5D}.Debug|x64.ActiveCfg = Debug|x64
		{2EBB9F63-9A70-1859-2365-12308F190F5D}.Debug|x64.Build.0 = Debug|x64
		{2EBB9F63-9A70-1859-2365-12308F190F5D}.Debug|x86.ActiveCfg = Debug|Win32
		{2EBB9F63-9A70-1859-2365-12308F190F5D}.Debug|x86.Build.0 = Debug|Win32
		{2EBB9F63-9A70-1859-2365-12308F190F5D}.Release|x64.ActiveCfg = Release|x64
		{2EBB9F63-9A70-1859-2365-12308F190F5D}.Release|x64.Build.0 = Release|x64
		{2EBB9F63-9A70-1859-2365-12308F190F5D}.Release|x86.ActiveCfg = Release|Win32
		{2EBB9F63-9A70-1859-2365-12308F190F5D}.Release|x86.Build.0 = Release|Win32
		{8312F8CB-EFD4-2B56-3885-BAE2A4860434}.Debug|x64.ActiveCfg = Debug|x64
		{8312F8CB-EFD4-2B56-3885-BAE2A4860434}.Debug|x64.Build.0 = Debug|x64
		{8312F8CB-EFD4-2B56-3885-BAE2A4860434}.Debug|x86.ActiveCfg = Debug|Win32
		{8312F8CB-EFD4-2B56-3885-BAE2A4860434}.Debug|x86.Build.0 = Debug|Win32
		{8312F8CB-EFD4-2B56-3885-BAE2A4860434}.Release|x64.ActiveCfg = Release|x64
		{8312F8CB-EFD4-2B56-3885-BAE2A4860434}.Release|x64.Build.0 = Release|x64
		{8312F8CB-EFD4-2B56-3885-BAE2A4860434}.Release|x86.ActiveCfg = Release|Win32
		{8312F8CB-EFD4-2B56-3885-BAE2A4860434}.Release|x86.Build.0 = Release|Win32
		{722C21F4-DEEE-547E-279F-E30A93A02D5C}.Debug|x64.ActiveCfg = Debug|x64
		{722C21F4-DEEE-547E-279F-E30A93A02D5C}.Debug|x64.Build.0 = Debug|x64
		{722C21F4-DEEE-547E-279F-E30A93A02D5C}.Debug|x86.ActiveCfg = Debug|Win32
		{722C21F4-DEEE-547E-279F-E30A93A02D5C}.Debug|x86.Build.0 = Debug|Win32
		{722C21F4-DEEE-547E-279F-E30A93A02D5C}.Release|x64.ActiveCfg = Release|x64
		{722C21F4-DEEE-547E-279F-E30A93A02D5C}.Release|x64.Build.0 = Release|x64
		{722C21F4-DEEE-547E-279F-E30A93A02D5C}.Release|x86.ActiveCfg = Release|Win32
		{722C21F4-DEEE-547E-279F-E30A93A02D5C}.Release|x86.Build.0 = Release|Win32
		{E7C1D17B-F4A8-4FFA-89A3-E3517496978A}.Debug|x64.ActiveCfg = Debug|x64
		{E7C1D17B-F4A8-4FFA-89A3-E3517496978A}.Debug|x64.Build.0 = Debug|x64
		{E7C1D17B-F4A8-4FFA-89A3-E3517496978A}.Debug|x86.ActiveCfg = Debug|Win32
		{E7C1D17B-F4A8-4FFA-89A3-E3517496978A}.Debug|x86.Build.0 = Debug|Win32
		{E7C1D17B-F4A8-4FFA-89A3-E3517496978A}.Release|x64.ActiveCfg = Release|x64
		{E7C1D17B-F4A8-4FFA-89A3-E3517496978A}.Release|x64.Build.0 = Release|x64
		{E7C1D17B-F4A8-4FFA-89A3-E3517496978A}.Release|x86.ActiveCfg = Release|Win32
		{E7C1D17B-F4A8-4FFA-89A3-E3517496978A}.Release|x86.Build.0 = Release|Win32
		{425F2CCF-AE1F-A805-775A-F182E3D9ECE1}.Debug|x64.ActiveCfg = Debug|x64
		{425F2CCF-AE1F-A805-775A-F182E3D9ECE1}.Debug|x64.Build.0 = Debug|x64
		{425F2CCF-AE1F-A805-775A-F182E3D9ECE1}.Debug|x86.ActiveCfg = Debug|Win32
		{425F2CCF-AE1F-A805-775A-F182E3D9ECE1}.Debug|x86.Build.0 = Debug|Win32
		{425F2CCF-AE1F-A805-775A-F182E3D9ECE1}.Release|x64.ActiveCfg = Release|x64
		{425F2CCF-AE1F-A805-775A-F182E3D9ECE1}.Release|x64.Build.0 = Release|x64
		{425F2CCF-AE1F-A805-775A-F182E3D9ECE1}.Release|x86.ActiveCfg = Release|Win32
		{425F2CCF-AE1F-A805-775A-F182E3D9ECE1}.Release|x86.Build.0 = Release|Win32
		{958FEC15-0F27-4E04-8BA1-977CFF6407EC}.Debug|x64.ActiveCfg = Debug|x64
		{958FEC15-0F27-4E04-8BA1-977CFF6407EC}.Debug|x64.Build.0 = Debug|x64
		{958FEC15-0F27-4E04-8BA1-977CFF6407EC}.Debug|x86.ActiveCfg = Debug|Win32
		{958FEC15-0F27-4E04-8BA1-977CFF6407EC}.Debug|x86.Build.0 = Debug|Win32
		{958FEC15-0F27-4E04-8BA1-977CFF6407EC}.Release|x64.ActiveCfg = Release|x64
		{958FEC15-0F27-4E04-8BA1-977CFF6407EC}.Release|x64.Build.0 = Release|x64
		{958FEC15-0F27-4E04-8BA1-977CFF6407EC}.Release|x86.ActiveCfg = Release|Win32
		{958FEC15-0F27-4E04-8BA1-977CFF6407EC}.Release|x86.Build.0 = Release|Win32
		{580619A0-C470-CD16-0DAF-7EBC7958AB6B}.Debug|x64.ActiveCfg = Debug|x64
		{580619A0-C470-CD16-0DAF-7EBC7958AB6B}.Debug|x64.Build.0 = Debug|x64
		{580619A0-C470-CD16-0DAF-7EBC7958AB6B}.Debug|x86.ActiveCfg = Debug|Win32
		{580619A0-C470-CD16-0DAF-7EBC7958AB6B}.Debug|x86.Build.0 = Debug|Win32
		{580619A0-C470-CD16-0DAF-7EBC7958AB6B}.Release|x64.ActiveCfg = Release|x64
		{580619A0-C470-CD16-0DAF-7EBC7958AB6B}.Release|x64.Build.0 = Release|x64
		{580619A0-C470-CD16-0DAF-7EBC7958AB6B}.Release|x86.ActiveCfg = Release|Win32
		{580619A0-C470-CD16-0DAF-7EBC7958AB6B}.Release|x86.Build.0 = Release|Win32
		{D55E006C-F3FB-4832-A657-8255FB1260FD}.Debug|x64.ActiveCfg = Debug|x64
		{D55E006C-F3FB-4832-A657-8255FB1260FD}.Debug|x64.Build.0 = Debug|x64
		{D55E006C-F3FB-4832-A657-8255FB1260FD}.Debug|x86.ActiveCfg = Debug|Win32
		{D55E006C-F3FB-4832-A657-8255FB1260FD}.Debug|x86.Build.0 = Debug|Win32
		{D55E006C-F3FB-4832-A657-8255FB1260FD}.Release|x64.ActiveCfg = Release|x64
		{D55E006C-F3FB-4832-A657-8255FB1260FD}.Release|x64.Build.0 = Release|x64
		{D55E006C-F3FB-4832-A657-8255FB1260FD}.Release|x86.ActiveCfg = Release|Win32
		{D55E006C-F3FB-4832-A657-8255FB1260FD}.Release|x86.Build.0 = Release|Win32
		{2A237800-1686-07A5-BF0B-405BAB4DD327}.Debug|x64.ActiveCfg = Debug|x64
		{2A237800-1686-07A5-BF0B-405BAB4DD327}.Debug|x64.Build.0 = Debug|x64
		{2A237800-1686-07A5-BF0B-405BAB4DD327}.Debug|x86.ActiveCfg = Debug|Win32
		{2A237800-1686-07A5-BF0B-405BAB4DD327}.Debug|x86.Build.0 = Debug|Win32
		{2A237800-1686-07A5-BF0B-405BAB4DD327}.Release|x64.ActiveCfg = Release|x64
		{2A237800-1686-07A5-BF0B-405BAB4DD327}.Release|x64.Build.0 = Release|x64
		{2A237800-1686-07A5-BF0B-405BAB4DD327}.Release|x86.ActiveCfg = Release|Win32
		{2A237800-1686-07A5-BF0B-405BAB4DD327}.Release|x86.Build.0 = Release|Win32
		{EC099BDE-58BF-13D4-E1B3-0DAB4D680AD8}.Debug|x64.ActiveCfg = Debug|x64
		{EC099BDE-58BF-13D4-E1B3-0DAB4D680AD8}.Debug|x64.Build.0 = Debug|x64
		{EC099BDE-58BF-13D4-E1B3-0DAB4D680AD8}.Debug|x86.ActiveCfg = Debug|Win32
		{EC099BDE-58BF-13D4-E1B3-0DAB4D680AD8}.Debug|x86.Build.0 = Debug|Win32
		{EC099BDE-58BF-13D4-E1B3-0DAB4D680AD8}.Release|x64.ActiveCfg = Release|x64
		{EC099BDE-58BF-13D4-E1B3-0DAB4D680AD8}.Release|x64.Build.0 = Release|x64
		{EC099BDE-58BF-13D4-E1B3-0DAB4D680AD8}.Release|x86.ActiveCfg = Release|Win32
		{EC099BDE-58BF-13D4-E1B3-0DAB4D680AD8}.Release|x86.Build.0 = Release|Win32
		{614F3293-CD65-3029-16DD-BB4A823201B1}.Debug|x64.ActiveCfg = Debug|x64
		{614F3293-CD65-3029-16DD-BB4A823201B1}.Debug|x64.Build.0 = Debug|x64
		{614F3293-CD65-3029-16DD-BB4A823201B1}.Debug|x86.ActiveCfg = Debug|Win32
		{614F3293-CD65-3029-16DD-BB4A823201B1}.Debug|x86.Build.0 = Debug|Win32
		{614F3293-CD65-3029-16DD-BB4A823201B1}.Release|x64.ActiveCfg = Release|x64
		{614F3293-CD65-3029-16DD-BB4A823201B1}.Release|x64.Build.0 = Release|x64
		{614F3293-CD65-3029-16DD-BB4A823201B1}.Release|x86.ActiveCfg = Release|Win32
		{614F3293-CD65-3029-16DD-BB4A823201B1}.Release|x86.Build.0 = Release|Win32
		{7977FE57-E58D-FCED-2E05-880F9A5ACD75}.Debug|x64.ActiveCfg = Debug|x64
		{7977FE57-E58D-FCED-2E05-880F9A5ACD75}.Debug|x64.Build.0 = Debug|x64
		{7977FE57-E58D-FCED-2E05-880F9A5ACD75}.Debug|x86.ActiveCfg = Debug|Win32
		{7977FE57-E58D-FCED-2E05-880F9A5ACD75}.Debug|x86.Build.0 = Debug|Win32
		{7977FE57-E58D-FCED-2E05-880F9A5ACD75}.Release|x64.ActiveCfg = Release|x64
		{7977FE57-E58D-FCED-2E05-880F9A5ACD75}.Release|x64.Build.0 = Release|x64
		{7977FE57-E58D-FCED-2E05-880F9A5ACD75}.Release|x86.ActiveCfg = Release|Win32
		{7977FE57-E58D-FCED-2E05-880F9A5ACD75}.Release|x86.Build.0 = Release|Win32
		{E09B194C-CC68-7457-F581-62FFE1ADA9E5}.Debug|x64.ActiveCfg = Debug|x64
		{E09B194C-CC68-7457-F581-62FFE1ADA9E5}.Debug|x64.Build.0 = Debug|x64
		{E09B194C-CC68-7457-F581-62FFE1ADA9E5}.Debug|x86.ActiveCfg = Debug|Win32
		{E09B194C-CC68-7457-F581-62FFE1ADA9E5}.Debug|x86.Build.0 = Debug|Win32
		{E09B194C-CC68-7457-F581-62FFE1ADA9E5}.Release|x64.ActiveCfg = Release|x64
		{E09B194C-CC68-7457-F581-62FFE1ADA9E5}.Release|x64.Build.0 = Release|x64
		{E09B194C-CC68-7457-F581-62FFE1ADA9E5}.Release|x86.ActiveCfg = Release|Win32
		{E09B194C-CC68-7457-F581-62FFE1ADA9E5}.Release|x86.Build.0 = Release|Win32
		{4B205313-B78C-0E0E-8080-A66BECAB3076}.Debug|x64.ActiveCfg = Debug|x64
		{4B205313-B78C-0E0E-8080-A66BECAB3076}.Debug|x64.Build.0 = Debug|x64
		{4B205313-B78C-0E0E-8080-A66BECAB3076}.Debug|x86.ActiveCfg = Debug|Win32
		{4B205313-B78C-0E0E-8080-A66BECAB3076}.Debug|x86.Build.0 = Debug|Win32
		{4B205313-B78C-0E0E-8080-A66BECAB3076}.Release|x64.ActiveCfg = Release|x64
		{4B205313-B78C-0E0E-8080-A66BECAB3076}.Release|x64.Build.0 = Release|x64
		{4B205313-B78C-0E0E-8080-A66BECAB3076}.Release|x86.ActiveCfg = Release|Win32
		{4B205313-B78C-0E0E-8080-A66BECAB3076}.Release|x86.Build.0 = Release|Win32
		{FD363BE5-69EC-B3DA-F2E0-ADB15E95AADE}.Debug|x64.ActiveCfg = Debug|x64
		{FD363BE5-69EC-B3DA-F2E0-ADB15E95AADE}.Debug|x64.Build.0 = Debug|x64
		{FD363BE5-69EC-B3DA-F2E0-ADB15E95AADE}.Debug|x86.ActiveCfg = Debug|Win32
		{FD363BE5-69EC-B3DA-F2E0-ADB15E95AADE}.Debug|x86.Build.0 = Debug|Win32
		{FD363BE5-69EC-B3DA-F2E0-ADB15E95AADE}.Release|x64.ActiveCfg = Release|x64
		{FD363BE5-69EC-B3DA-F2E0-ADB15E95AADE}.Release|x64.Build.0 = Release|x64
		{FD363BE5-69EC-B3DA-F2E0-ADB15E95AADE}.Release|x86.ActiveCfg = Release|Win32
		{FD363BE5-69EC-B3DA-F2E0-ADB15E95AADE}.Release|x86.Build.0 = Release|Win32
		{9204ACE6-7EE8-6C3C-E748-678FD34B57BE}.Debug|x64.ActiveCfg = Debug|x64
		{9204ACE6-7EE8-6C3C-E748-678FD34B57BE}.Debug|x64.Build.0 = Debug|x64
		{9204ACE6-7EE8-6C3C-E748-678FD34B57BE}.Debug|x86.ActiveCfg = Debug|Win32
		{9204ACE6-7EE8-6C3C-E748-678FD34B57BE}.Debug|x86.Build.0 = Debug|Win32
		{9204ACE6-7EE8-6C3C-E748-678FD34B57BE}.Release|x64.ActiveCfg = Release|x64
		{9204ACE6-7EE8-6C3C-E748-678FD34B57BE}.Release|x64.Build.0 = Release|x64
		{9204ACE6-7EE8-6C3C-E748-678FD34B57BE}.Release|x86.ActiveCfg = Release|Win32
		{9204ACE6-7EE8-6C3C-E748-678FD34B57BE}.Release|x86.Build.0 = Release|Win32
		{24363B9E-2DEF-4899-9BD6-89D3569784E1}.Debug|x64.ActiveCfg = Debug|x64
		{24363B9E-2DEF-4899-9BD6-89D3569784E1}.Debug|x64.Build.0 = Debug|x64
		{24363B9E-2DEF-4899-9BD6-89D3569784E1}.Debug|x86.ActiveCfg = Debug|Win32
		{24363B9E-2DEF-4899-9BD6-89D3569784E1}.Debug|x86.Build.0 = Debug|Win32
		{24363B9E-2DEF-4899-9BD6-89D3569784E1}.Release|x64.ActiveCfg = Release|x64
		{24363B9E-2DEF-4899-9BD6-89D3569784E1}.Release|x64.Build.0 = Release|x64
		{24363B9E-2DEF-4899-9BD6-89D3569784E1}.Release|x86.ActiveCfg = Release|Win32
		{24363B9E-2DEF-4899-9BD6-89D3569784E1}.Release|x86.Build.0 = Release|Win32
		{AC6878E8-1848-F783-2160-825A8DBE5DE5}.Debug|x64.ActiveCfg = Debug|x64
		{AC6878E8-1848-F783-2160-825A8DBE5DE5}.Debug|x64.Build.0 = Debug|x64
		{AC6878E8-1848-F783-2160-825A8DBE5DE5}.Debug|x86.ActiveCfg = Debug|Win32
		{AC6878E8-1848-F783-2160-825A8DBE5DE5}.Debug|x86.Build.0 = Debug|Win32
		{AC6878E8-1848-F783-2160-825A8DBE5DE5}.Release|x64.ActiveCfg = Release|x64
		{AC6878E8-1848-F783-2160-825A8DBE5DE5}.Release|x64.Build.0 = Release|x64
		{AC6878E8-1848-F783-2160-825A8DBE5DE5}.Release|x86.ActiveCfg = Release|Win32
		{AC6878E8-1848-F783-2160-825A8DBE5DE5}.Release|x86.Build.0 = Release|Win32
		{A50BF0A4-81E0-4C38-85C1-60C3F5B668B4}.Debug|x64.ActiveCfg = Debug|x64
		{A50BF0A4-81E0-4C38-85C1-60C3F5B668B4}.Debug|x64.Build.0 = Debug|x64
		{A50BF0A4-81E0-4C38-85C1-60C3F5B668B4}.Debug|x86.ActiveCfg = Debug|Win32
		{A50BF0A4-81E0-4C38-85C1-60C3F5B668B4}.Debug|x86.Build.0 = Debug|Win32
		{A50BF0A4-81E0-4C38-85C1-60C3F5B668B4}.Release|x64.ActiveCfg = Release|x64
		{A50BF0A4-81E0-4C38-85C1-60C3F5B668B4}.Release|x64.Build.0 = Release|x64
		{A50BF0A4-81E0-4C38-85C1-60C3F5B668B4}.Release|x86.ActiveCfg = Release|Win32
		{A50BF0A4-81E0-4C38-85C1-60C3F5B668B4}.Release|x86.Build.0 = Release|Win32
		{E7F2C3BE-53A8-3CB4-DC9C-368B485133B8}.Debug|x64.ActiveCfg = Debug|x64
		{E7F2C3BE-53A8-3CB4-DC9C-368B485133B8}.Debug|x64.Build.0 = Debug|x64
		{E7F2C3BE-53A8-3CB4-DC9C-368B485133B8}.Debug|x86.ActiveCfg = Debug|Win32
		{E7F2C3BE-53A8-3CB4-DC9C-368B485133B8}.Debug|x86.Build.0 = Debug|Win32
		{E7F2C3BE-53A8-3CB4-DC9C-368B485133B8}.Release|x64.ActiveCfg = Release|x64
		{E7F2C3BE-53A8-3CB4-DC9C-368B485133B8}.Release|x64.Build.0 = Release|x64
		{E7F2C3BE-53A8-3CB4-DC9C-368B485133B8}.Release|x86.ActiveCfg = Release|Win32
		{E7F2C3BE-53A8-3CB4-DC9C-368B485133B8}.Release|x86.Build.0 = Release|Win32
		{76BD0CFA-E248-7ABE-EB59-FDB25764D6BE}.Debug|x64.ActiveCfg = Debug|x64
		{76BD0CFA-E248-7ABE-EB59-FDB25764D6BE}.Debug|x64.Build.0 = Debug|x64
		{76BD0CFA-E248-7ABE-EB59-FDB25764D6BE}.Debug|x86.ActiveCfg = Debug|Win32
		{76BD0CFA-E248-7ABE-EB59-FDB25764D6BE}.Debug|x86.Build.0 = Debug|Win32
		{76BD0CFA-E248-7ABE-EB59-FDB25764D6BE}.Release|x64.ActiveCfg = Release|x64
		{76BD0CFA-E248-7ABE-EB59-FDB25764D6BE}.Release|x64.Build.0 = Release|x64
		{76BD0CFA-E248-7ABE-EB59-FDB25764D6BE}.Release|x86.ActiveCfg = Release|Win32
		{76BD0CFA-E248-7ABE-EB59-FDB25764D6BE}.Release|x86.Build.0 = Release|Win32
		{D55C7016-4112-E90B-CA06-E3E236BBDF0F}.Debug|x64.ActiveCfg = Debug|x64
		{D55C7016-4112-E90B-CA06-E3E236BBDF0F}.Debug|x64.Build.0 = Debug|x64
		{D55C7016-4112-E90B-CA06-E3E236BBDF0F}.Debug|x86.ActiveCfg = Debug|Win32
		{D55C7016-4112-E90B-CA06-E3E236BBDF0F}.Debug|x86.Build.0 = Debug|Win32
		{D55C7016-4112-E90B-CA06-E3E236BBDF0F}.Release|x64.ActiveCfg = Release|x64
		{D55C7016-4112-E90B-CA06-E3E236BBDF0F}.Release|x64.Build.0 = Release|x64
		{D55C7016-4112-E90B-CA06-E3E236BBDF0F}.Release|x86.ActiveCfg = Release|Win32
		{D55C7016-4112-E90B-CA06-E3E236BBDF0F}.Release|x86.Build.0 = Release|Win32
		{4A2198F1-1828-49A9-9E4F-DBC43D9CDB9B}.Debug|x64.ActiveCfg = Debug|x64
		{4A2198F1-1828-49A9-9E4F-DBC43D9CDB9B}.Debug|x64.Build.0 = Debug|x64
		{4A2198F1-1828-49A9-9E4F-DBC43D9CDB9B}.Debug|x86.ActiveCfg = Debug|Win32
		{4A2198F1-1828-49A9-9E4F-DBC43D9CDB9B}.Debug|x86.Build.0 = Debug|Win32
		{4A2198F1-1828-49A9-9E4F-DBC43D9CDB9B}.Release|x64.ActiveCfg = Release|x64
		{4A2198F1-1828-49A9-9E4F-DBC43D9CDB9B}.Release|x64.Build.0 = Release|x64
		{4A2198F1-1828-49A9-9E4F-DBC43D9CDB9B}.Release|x86.ActiveCfg = Release|Win32
		{4A2198F1-1828-49A9-9E4F-DBC43D9CDB9B}.Release|x86.Build.0 = Release|Win32
		{37EC85A8-A356-3A1F-EC94-EBC4583E1874}.Debug|x64.ActiveCfg = Debug|x64
		{37EC85A8-A356-3A1F-EC94-EBC4583E1874}.Debug|x64.Build.0 = Debug|x64
		{37EC85A8-A356-3A1F-EC94-EBC4583E1874}.Debug|x86.ActiveCfg = Debug|Win32
		{37EC85A8-A356-3A1F-EC94-EBC4583E1874}.Debug|x86.Build.0 = Debug|Win32
		{37EC85A8-A356-3A1F-EC94-EBC4583E1874}.Release|x64.ActiveCfg = Release|x64
		{37EC85A8-A356-3A1F-EC94-EBC4583E1874}.Release|x64.Build.0 = Release|x64
		{37EC85A8-A356-3A1F-EC94-EBC4583E1874}.Release|x86.ActiveCfg = Release|Win32
		{37EC85A8-A356-3A1F-EC94-EBC4583E1874}.Release|x86.Build.0 = Release|Win32
		{B03C30FF-1CA7-E475-65E5-951BD18EC2CA}.Debug|x64.ActiveCfg = Debug|x64
		{B03C30FF-1CA7-E475-65E5-951BD18EC2CA}.Debug|x64.Build.0 = Debug|x64
		{B03C30FF-1CA7-E475-65E5-951BD18EC2CA}.Debug|x86.ActiveCfg = Debug|Win32
		{B03C30FF-1CA7-E475-65E5-951BD18EC2CA}.Debug|x86.Build.0 = Debug|Win32
		{B03C30FF-1CA7-E475-65E5-951BD18EC2CA}.Release|x64.ActiveCfg = Release|x64
		{B03C30FF-1CA7-E475-65E5-951BD18EC2CA}.Release|x64.Build.0 = Release|x64
		{B03C30FF-1CA7-E475-65E5-951BD18EC2CA}.Release|x86.ActiveCfg = Release|Win32
		{B03C30FF-1CA7-E475-65E5-951BD18EC2CA}.Release|x86.Build.0 = Release|Win32
		{64290094-BCA8-42C0-B398-D3EEC8BD7B8F}.Debug|x64.ActiveCfg = Debug|x64
		{64290094-BCA8-42C0-B398-D3EEC8BD7B8F}.Debug|x64.Build.0 = Debug|x64
		{64290094-BCA8-42C0-B398-D3EEC8BD7B8F}.Debug|x86.ActiveCfg = Debug|Win32
		{64290094-BCA8-42C0-B398-D3EEC8BD7B8F}.Debug|x86.Build.0 = Debug|Win32
		{64290094-BCA8-42C0-B398-D3EEC8BD7B8F}.Release|x64.ActiveCfg = Release|x64
		{64290094-BCA8-42C0-B398-D3EEC8BD7B8F}.Release|x64.Build.0 = Release|x64
		{64290094-BCA8-42C0-B398-D3EEC8BD7B8F}.Release|x86.ActiveCfg = Release|Win32
		{64290094-BCA8-42C0-B398-D3EEC8BD7B8F}.Release|x86.Build.0 = Release|Win32
		{437243B5-AF88-414B-F8FF-CC6C645512D3}.Debug|x64.ActiveCfg = Debug|x64
		{437243B5-AF88-414B-F8FF-CC6C645512D3}.Debug|x64.Build.0 = Debug|x64
		{437243B5-AF88-414B-F8FF-CC6C645512D3}.Debug|x86.ActiveCfg = Debug|Win32
		{437243B5-AF88-414B-F8FF-CC6C645512D3}.Debug|x86.Build.0 = Debug|Win32
		{437243B5-AF88-414B-F8FF-CC6C645512D3}.Release|x64.ActiveCfg = Release|x64
		{437243B5-AF88-414B-F8FF-CC6C645512D3}.Release|x64.Build.0 = Release|x64
		{437243B5-AF88-414B-F8FF-CC6C645512D3}.Release|x86.ActiveCfg = Release|Win32
		{437243B5-AF88-414B-F8FF-CC6C645512D3}.Release|x86.Build.0 = Release|Win32
		{F9EF6D57-65CF-ECF2-6EE7-77C9DA455354}.Debug|x64.ActiveCfg = Debug|x64
		{F9EF6D57-65CF-ECF2-6EE7-77C9DA455354}.Debug|x64.Build.0 = Debug|x64
		{F9EF6D57-65CF-ECF2-6EE7-77C9DA455354}.Debug|x86.ActiveCfg = Debug|Win32
		{F9EF6D57-65CF-ECF2-6EE7-77C9DA455354}.Debug|x86.Build.0 = Debug|Win32
		{F9EF6D57-65CF-ECF2-6EE7-77C9DA455354}.Release|x64.ActiveCfg = Release|x64
		{F9EF6D57-65CF-ECF2-6EE7-77C9DA455354}.Release|x64.Build.0 = Release|x64
		{F9EF6D57-65CF-ECF2-6EE7-77C9DA455354}.Release|x86.ActiveCfg = Release|Win32
		{F9EF6D57-65CF-ECF2-6EE7-77C9DA455354}.Release|x86.Build.0 = Release|Win32
		{E393DE5E-CFE4-C9A0-F848-B862E4F85C0A}.Debug|x64.ActiveCfg = Debug|x64
		{E393DE5E-CFE4-C9A0-F848-B862E4F85C0A}.Debug|x64.Build.0 = Debug|x64
		{E393DE5E-CFE4-C9A0-F848-B862E4F85C0A}.Debug|x86.ActiveCfg = Debug|x86
		{E393DE5E-CFE4-C9A0-F848-B862E4F85C0A}.Debug|x86.Build.0 = Debug|x86
		{E393DE5E-CFE4-C9A0-F848-B862E4F85C0A}.Release|x64.ActiveCfg = Release|x64
		{E393DE5E-CFE4-C9A0-F848-B862E4F85C0A}.Release|x64.Build.0 = Release|x64
		{E393DE5E-CFE4-C9A0-F848-B862E4F85C0A}.Release|x86.ActiveCfg = Release|x86
		{E393DE5E-CFE4-C9A0-F848-B862E4F85C0A}.Release|x86.Build.0 = Release|x86
		{F24A279E-DE9B-12E0-0700-01A2F3AFA549}.Debug|x64.ActiveCfg = Debug|x64
		{F24A279E-DE9B-12E0-0700-01A2F3AFA549}.Debug|x64.Build.0 = Debug|x64
		{F24A279E-DE9B-12E0-0700-01A2F3AFA549}.Debug|x86.ActiveCfg = Debug|x86
		{F24A279E-DE9B-12E0-0700-01A2F3AFA549}.Debug|x86.Build.0 = Debug|x86
		{F24A279E-DE9B-12E0-0700-01A2F3AFA549}.Release|x64.ActiveCfg = Release|x64
		{F24A279E-DE9B-12E0-0700-01A2F3AFA549}.Release|x64.Build.0 = Release|x64
		{F24A279E-DE9B-12E0-0700-01A2F3AFA549}.Release|x86.ActiveCfg = Release|x86
		{F24A279E-DE9B-12E0-0700-01A2F3AFA549}.Release|x86.Build.0 = Release|x86
		{2E6E52F8-1A52-134E-83B2-0DA16FB5FDCF}.Debug|x64.ActiveCfg = Debug|x64
		{2E6E52F8-1A52-134E-83B2-0DA16FB5FDCF}.Debug|x64.Build.0 = Debug|x64
		{2E6E52F8-1A52-134E-83B2-0DA16FB5FDCF}.Debug|x86.ActiveCfg = Debug|x86
		{2E6E52F8-1A52-134E-83B2-0DA16FB5FDCF}.Debug|x86.Build.0 = Debug|x86
		{2E6E52F8-1A52-134E-83B2-0DA16FB5FDCF}.Release|x64.ActiveCfg = Release|x64
		{2E6E52F8-1A52-134E-83B2-0DA16FB5FDCF}.Release|x64.Build.0 = Release|x64
		{2E6E52F8-1A52-134E-83B2-0DA16FB5FDCF}.Release|x86.ActiveCfg = Release|x86
		{2E6E52F8-1A52-134E-83B2-0DA16FB5FDCF}.Release|x86.Build.0 = Release|x86
		{2895D90F-19A5-452C-A0BF-7D84F836AE48}.Debug|x64.ActiveCfg = Debug|x64
		{2895D90F-19A5-452C-A0BF-7D84F836AE48}.Debug|x64.Build.0 = Debug|x64
		{2895D90F-19A5-452C-A0BF-7D84F836AE48}.Debug|x86.ActiveCfg = Debug|x86
		{2895D90F-19A5-452C-A0BF-7D84F836AE48}.Debug|x86.Build.0 = Debug|x86
		{2895D90F-19A5-452C-A0BF-7D84F836AE48}.Release|x64.ActiveCfg = Release|x64
		{2895D90F-19A5-452C-A0BF-7D84F836AE48}.Release|x64.Build.0 = Release|x64
		{2895D90F-19A5-452C-A0BF-7D84F836AE48}.Release|x86.ActiveCfg = Release|x86
		{2895D90F-19A5-452C-A0BF-7D84F836AE48}.Release|x86.Build.0 = Release|x86
		{1846D65E-043F-F5B0-2D71-DA3519C9D4BC}.Debug|x64.ActiveCfg = Debug|x64
		{1846D65E-043F-F5B0-2D71-DA3519C9D4BC}.Debug|x64.Build.0 = Debug|x64
		{1846D65E-043F-F5B0-2D71-DA3519C9D4BC}.Debug|x86.ActiveCfg = Debug|x86
		{1846D65E-043F-F5B0-2D71-DA3519C9D4BC}.Debug|x86.Build.0 = Debug|x86
		{1846D65E-043F-F5B0-2D71-DA3519C9D4BC}.Release|x64.ActiveCfg = Release|x64
		{1846D65E-043F-F5B0-2D71-DA3519C9D4BC}.Release|x64.Build.0 = Release|x64
		{1846D65E-043F-F5B0-2D71-DA3519C9D4BC}.Release|x86.ActiveCfg = Release|x86
		{1846D65E-043F-F5B0-2D71-DA3519C9D4BC}.Release|x86.Build.0 = Release|x86
		{010AF17D-D54A-4D2D-97F9-1056927838A4}.Debug|x64.ActiveCfg = Debug|x64
		{010AF17D-D54A-4D2D-97F9-1056927838A4}.Debug|x64.Build.0 = Debug|x64
		{010AF17D-D54A-4D2D-97F9-1056927838A4}.Debug|x86.ActiveCfg = Debug|x86
		{010AF17D-D54A-4D2D-97F9-1056927838A4}.Debug|x86.Build.0 = Debug|x86
		{010AF17D-D54A-4D2D-97F9-1056927838A4}.Release|x64.ActiveCfg = Release|x64
		{010AF17D-D54A-4D2D-97F9-1056927838A4}.Release|x64.Build.0 = Release|x64
		{010AF17D-D54A-4D2D-97F9-1056927838A4}.Release|x86.ActiveCfg = Release|x86
		{010AF17D-D54A-4D2D-97F9-1056927838A4}.Release|x86.Build.0 = Release|x86
		{AA829EBF-16E4-7BCD-9F51-C27F0BB2B28C}.Debug|x64.ActiveCfg = Debug|x64
		{AA829EBF-16E4-7BCD-9F51-C27F0BB2B28C}.Debug|x64.Build.0 = Debug|x64
		{AA829EBF-16E4-7BCD-9F51-C27F0BB2B28C}.Debug|x86.ActiveCfg = Debug|x86
		{AA829EBF-16E4-7BCD-9F51-C27F0BB2B28C}.Debug|x86.Build.0 = Debug|x86
		{AA829EBF-16E4-7BCD-9F51-C27F0BB2B28C}.Release|x64.ActiveCfg = Release|x64
		{AA829EBF-16E4-7BCD-9F51-C27F0BB2B28C}.Release|x64.Build.0 = Release|x64
		{AA829EBF-16E4-7BCD-9F51-C27F0BB2B28C}.Release|x86.ActiveCfg = Release|x86
		{AA829EBF-16E4-7BCD-9F51-C27F0BB2B28C}.Release|x86.Build.0 = Release|x86
		{01EBD3CF-ED0F-2350-165B-08E002DF216E}.Debug|x64.ActiveCfg = Debug|x64
		{01EBD3CF-ED0F-2350-165B-08E002DF216E}.Debug|x64.Build.0 = Debug|x64
		{01EBD3CF-ED0F-2350-165B-08E002DF216E}.Debug|x86.ActiveCfg = Debug|x86
		{01EBD3CF-ED0F-2350-165B-08E002DF216E}.Debug|x86.Build.0 = Debug|x86
		{01EBD3CF-ED0F-2350-165B-08E002DF216E}.Release|x64.ActiveCfg = Release|x64
		{01EBD3CF-ED0F-2350-165B-08E002DF216E}.Release|x64.Build.0 = Release|x64
		{01EBD3CF-ED0F-2350-165B-08E002DF216E}.Release|x86.ActiveCfg = Release|x86
		{01EBD3CF-ED0F-2350-165B-08E002DF216E}.Release|x86.Build.0 = Release|x86
		{2CFBA552-18DF-66A8-813F-61FB6D42512A}.Debug|x64.ActiveCfg = Debug|x64
		{2CFBA552-18DF-66A8-813F-61FB6D42512A}.Debug|x64.Build.0 = Debug|x64
		{2CFBA552-18DF-66A8-813F-61FB6D42512A}.Debug|x86.ActiveCfg = Debug|x86
		{2CFBA552-18DF-66A8-813F-61FB6D42512A}.Debug|x86.Build.0 = Debug|x86
		{2CFBA552-18DF-66A8-813F-61FB6D42512A}.Release|x64.ActiveCfg = Release|x64
		{2CFBA552-18DF-66A8-813F-61FB6D42512A}.Release|x64.Build.0 = Release|x64
		{2CFBA552-18DF-66A8-813F-61FB6D42512A}.Release|x86.ActiveCfg = Release|x86
		{2CFBA552-18DF-66A8-813F-61FB6D42512A}.Release|x86.Build.0 = Release|x86
		{19088F26-052D-DEA6-2E78-C3361AFCDCC4}.Debug|x64.ActiveCfg = Debug|x64
		{19088F26-052D-DEA6-2E78-C3361AFCDCC4}.Debug|x64.Build.0 = Debug|x64
		{19088F26-052D-DEA6-2E78-C3361AFCDCC4}.Debug|x86.ActiveCfg = Debug|x86
		{19088F26-052D-DEA6-2E78-C3361AFCDCC4}.Debug|x86.Build.0 = Debug|x86
		{19088F26-052D-DEA6-2E78-C3361AFCDCC4}.Release|x64.ActiveCfg = Release|x64
		{19088F26-052D-DEA6-2E78-C3361AFCDCC4}.Release|x64.Build.0 = Release|x64
		{19088F26-052D-DEA6-2E78-C3361AFCDCC4}.Release|x86.ActiveCfg = Release|x86
		{19088F26-052D-DEA6-2E78-C3361AFCDCC4}.Release|x86.Build.0 = Release|x86
		{A052B65E-0CDE-2323-15EF-A61781F97F23}.Debug|x64.ActiveCfg = Debug|x64
		{A052B65E-0CDE-2323-15EF-A61781F97F23}.Debug|x64.Build.0 = Debug|x64
		{A052B65E-0CDE-2323-15EF-A61781F97F23}.Debug|x86.ActiveCfg = Debug|x86
		{A052B65E-0CDE-2323-15EF-A61781F97F23}.Debug|x86.Build.0 = Debug|x86
		{A052B65E-0CDE-2323-15EF-A61781F97F23}.Release|x64.ActiveCfg = Release|x64
		{A052B65E-0CDE-2323-15EF-A61781F97F23}.Release|x64.Build.0 = Release|x64
		{A052B65E-0CDE-2323-15EF-A61781F97F23}.Release|x86.ActiveCfg = Release|x86
		{A052B65E-0CDE-2323-15EF-A61781F97F23}.Release|x86.Build.0 = Release|x86
		{1DAB10E8-098F-D13D-72EF-CB905EF2BBBF}.Debug|x64.ActiveCfg = Debug|x64
		{1DAB10E8-098F-D13D-72EF-CB905EF2BBBF}.Debug|x64.Build.0 = Debug|x64
		{1DAB10E8-098F-D13D-72EF-CB905EF2BBBF}.Debug|x86.ActiveCfg = Debug|x86
		{1DAB10E8-098F-D13D-72EF-CB905EF2BBBF}.Debug|x86.Build.0 = Debug|x86
		{1DAB10E8-098F-D13D-72EF-CB905EF2BBBF}.Release|x64.ActiveCfg = Release|x64
		{1DAB10E8-098F-D13D-72EF-CB905EF2BBBF}.Release|x64.Build.0 = Release|x64
		{1DAB10E8-098F-D13D-72EF-CB905EF2BBBF}.Release|x86.ActiveCfg = Release|x86
		{1DAB10E8-098F-D13D-72EF-CB905EF2BBBF}.Release|x86.Build.0 = Release|x86
		{12BF4925-7E81-7DAF-C731-0C3C3333568D}.Debug|x64.ActiveCfg = Debug|x64
		{12BF4925-7E81-7DAF-C731-0C3C3333568D}.Debug|x64.Build.0 = Debug|x64
		{12BF4925-7E81-7DAF-C731-0C3C3333568D}.Debug|x86.ActiveCfg = Debug|x86
		{12BF4925-7E81-7DAF-C731-0C3C3333568D}.Debug|x86.Build.0 = Debug|x86
		{12BF4925-7E81-7DAF-C731-0C3C3333568D}.Release|x64.ActiveCfg = Release|x64
		{12BF4925-7E81-7DAF-C731-0C3C3333568D}.Release|x64.Build.0 = Release|x64
		{12BF4925-7E81-7DAF-C731-0C3C3333568D}.Release|x86.ActiveCfg = Release|x86
		{12BF4925-7E81-7DAF-C731-0C3C3333568D}.Release|x86.Build.0 = Release|x86
		{309579C6-D84F-4231-A18A-C255499D107B}.Debug|x64.ActiveCfg = Debug|x64
		{309579C6-D84F-4231-A18A-C255499D107B}.Debug|x64.Build.0 = Debug|x64
		{309579C6-D84F-4231-A18A-C255499D107B}.Debug|x86.ActiveCfg = Debug|x86
		{309579C6-D84F-4231-A18A-C255499D107B}.Debug|x86.Build.0 = Debug|x86
		{309579C6-D84F-4231-A18A-C255499D107B}.Release|x64.ActiveCfg = Release|x64
		{309579C6-D84F-4231-A18A-C255499D107B}.Release|x64.Build.0 = Release|x64
		{309579C6-D84F-4231-A18A-C255499D107B}.Release|x86.ActiveCfg = Release|x86
		{309579C6-D84F-4231-A18A-C255499D107B}.Release|x86.Build.0 = Release|x86
		{EC416D5F-D80F-6165-C1A3-D18BAD103DCA}.Debug|x64.ActiveCfg = Debug|x64
		{EC416D5F-D80F-6165-C1A3-D18BAD103DCA}.Debug|x64.Build.0 = Debug|x64
		{EC416D5F-D80F-6165-C1A3-D18BAD103DCA}.Debug|x86.ActiveCfg = Debug|x86
		{EC416D5F-D80F-6165-C1A3-D18BAD103DCA}.Debug|x86.Build.0 = Debug|x86
		{EC416D5F-D80F-6165-C1A3-D18BAD103DCA}.Release|x64.ActiveCfg = Release|x64
		{EC416D5F-D80F-6165-C1A3-D18BAD103DCA}.Release|x64.Build.0 = Release|x64
		{EC416D5F-D80F-6165-C1A3-D18BAD103DCA}.Release|x86.ActiveCfg = Release|x86
		{EC416D5F-D80F-6165-C1A3-D18BAD103DCA}.Release|x86.Build.0 = Release|x86
		{C79B45C3-B37F-0619-1CE0-006C08E3F09A}.Debug|x64.ActiveCfg = Debug|x64
		{C79B45C3-B37F-0619-1CE0-006C08E3F09A}.Debug|x64.Build.0 = Debug|x64
		{C79B45C3-B37F-0619-1CE0-006C08E3F09A}.Debug|x86.ActiveCfg = Debug|x86
		{C79B45C3-B37F-0619-1CE0-006C08E3F09A}.Debug|x86.Build.0 = Debug|x86
		{C79B45C3-B37F-0619-1CE0-006C08E3F09A}.Release|x64.ActiveCfg = Release|x64
		{C79B45C3-B37F-0619-1CE0-006C08E3F09A}.Release|x64.Build.0 = Release|x64
		{C79B45C3-B37F-0619-1CE0-006C08E3F09A}.Release|x86.ActiveCfg = Release|x86
		{C79B45C3-B37F-0619-1CE0-006C08E3F09A}.Release|x86.Build.0 = Release|x86
		{760F4D68-6209-76BA-4B76-0CCB370FDC26}.Debug|x64.ActiveCfg = Debug|x64
		{760F4D68-6209-76BA-4B76-0CCB370FDC26}.Debug|x64.Build.0 = Debug|x64
		{760F4D68-6209-76BA-4B76-0CCB370FDC26}.Debug|x86.ActiveCfg = Debug|x86
		{760F4D68-6209-76BA-4B76-0CCB370FDC26}.Debug|x86.Build.0 = Debug|x86
		{760F4D68-6209-76BA-4B76-0CCB370FDC26}.Release|x64.ActiveCfg = Release|x64
		{760F4D68-6209-76BA-4B76-0CCB370FDC26}.Release|x64.Build.0 = Release|x64
		{760F4D68-6209-76BA-4B76-0CCB370FDC26}.Release|x86.ActiveCfg = Release|x86
		{760F4D68-6209-76BA-4B76-0CCB370FDC26}.Release|x86.Build.0 = Release|x86
		{F5CDF5E6-E1B1-B63C-4A12-B18F3615A1BE}.Debug|x64.ActiveCfg = Debug|x64
		{F5CDF5E6-E1B1-B63C-4A12-B18F3615A1BE}.Debug|x64.Build.0 = Debug|x64
		{F5CDF5E6-E1B1-B63C-4A12-B18F3615A1BE}.Debug|x86.ActiveCfg = Debug|x86
		{F5CDF5E6-E1B1-B63C-4A12-B18F3615A1BE}.Debug|x86.Build.0 = Debug|x86
		{F5CDF5E6-E1B1-B63C-4A12-B18F3615A1BE}.Release|x64.ActiveCfg = Release|x64
		{F5CDF5E6-E1B1-B63C-4A12-B18F3615A1BE}.Release|x64.Build.0 = Release|x64
		{F5CDF5E6-E1B1-B63C-4A12-B18F3615A1BE}.Release|x86.ActiveCfg = Release|x86
		{F5CDF5E6-E1B1-B63C-4A12-B18F3615A1BE}.Release|x86.Build.0 = Release|x86
		{BD1AA73D-B577-49DE-91B8-551C566F5C46}.Debug|x64.ActiveCfg = Debug|x64
		{BD1AA73D-B577-49DE-91B8-551C566F5C46}.Debug|x64.Build.0 = Debug|x64
		{BD1AA73D-B577-49DE-91B8-551C566F5C46}.Debug|x86.ActiveCfg = Debug|x86
		{BD1AA73D-B577-49DE-91B8-551C566F5C46}.Debug|x86.Build.0 = Debug|x86
		{BD1AA73D-B577-49DE-91B8-551C566F5C46}.Release|x64.ActiveCfg = Release|x64
		{BD1AA73D-B577-49DE-91B8-551C566F5C46}.Release|x64.Build.0 = Release|x64
		{BD1AA73D-B577-49DE-91B8-551C566F5C46}.Release|x86.ActiveCfg = Release|x86
		{BD1AA73D-B577-49DE-91B8-551C566F5C46}.Release|x86.Build.0 = Release|x86
		{17FB87E6-03F4-A638-2C26-8CBD187E8644}.Debug|x64.ActiveCfg = Debug|x64
		{17FB87E6-03F4-A638-2C26-8CBD187E8644}.Debug|x64.Build.0 = Debug|x64
		{17FB87E6-03F4-A638-2C26-8CBD187E8644}.Debug|x86.ActiveCfg = Debug|x86
		{17FB87E6-03F4-A638-2C26-8CBD187E8644}.Debug|x86.Build.0 = Debug|x86
		{17FB87E6-03F4-A638-2C26-8CBD187E8644}.Release|x64.ActiveCfg = Release|x64
		{17FB87E6-03F4-A638-2C26-8CBD187E8644}.Release|x64.Build.0 = Release|x64
		{17FB87E6-03F4-A638-2C26-8CBD187E8644}.Release|x86.ActiveCfg = Release|x86
		{17FB87E6-03F4-A638-2C26-8CBD187E8644}.Release|x86.Build.0 = Release|x86
		{70E99517-5CE2-B469-8514-9AEE716C9475}.Debug|x64.ActiveCfg = Debug|x64
		{70E99517-5CE2-B469-8514-9AEE716C9475}.Debug|x64.Build.0 = Debug|x64
		{70E99517-5CE2-B469-8514-9AEE716C9475}.Debug|x86.ActiveCfg = Debug|x86
		{70E99517-5CE2-B469-8514-9AEE716C9475}.Debug|x86.Build.0 = Debug|x86
		{70E99517-5CE2-B469-8514-9AEE716C9475}.Release|x64.ActiveCfg = Release|x64
		{70E99517-5CE2-B469-8514-9AEE716C9475}.Release|x64.Build.0 = Release|x64
		{70E99517-5CE2-B469-8514-9AEE716C9475}.Release|x86.ActiveCfg = Release|x86
		{70E99517-5CE2-B469-8514-9AEE716C9475}.Release|x86.Build.0 = Release|x86
		{2547231D-917E-6BB4-9A88-CFD7063F92AD}.Debug|x64.ActiveCfg = Debug|x64
		{2547231D-917E-6BB4-9A88-CFD7063F92AD}.Debug|x64.Build.0 = Debug|x64
		{2547231D-917E-6BB4-9A88-CFD7063F92AD}.Debug|x86.ActiveCfg = Debug|x86
		{2547231D-917E-6BB4-9A88-CFD7063F92AD}.Debug|x86.Build.0 = Debug|x86
		{2547231D-917E-6BB4-9A88-CFD7063F92AD}.Release|x64.ActiveCfg = Release|x64
		{2547231D-917E-6BB4-9A88-CFD7063F92AD}.Release|x64.Build.0 = Release|x64
		{2547231D-917E-6BB4-9A88-CFD7063F92AD}.Release|x86.ActiveCfg = Release|x86
		{2547231D-917E-6BB4-9A88-CFD7063F92AD}.Release|x86.Build.0 = Release|x86
		{1A9E43B5-86B4-414B-CF2B-CD6C3B8112D3}.Debug|x64.ActiveCfg = Debug|x64
		{1A9E43B5-86B4-414B-CF2B-CD6C3B8112D3}.Debug|x64.Build.0 = Debug|x64
		{1A9E43B5-86B4-414B-CF2B-CD6C3B8112D3}.Debug|x86.ActiveCfg = Debug|x86
		{1A9E43B5-86B4-414B-CF2B-CD6C3B8112D3}.Debug|x86.Build.0 = Debug|x86
		{1A9E43B5-86B4-414B-CF2B-CD6C3B8112D3}.Release|x64.ActiveCfg = Release|x64
		{1A9E43B5-86B4-414B-CF2B-CD6C3B8112D3}.Release|x64.Build.0 = Release|x64
		{1A9E43B5-86B4-414B-CF2B-CD6C3B8112D3}.Release|x86.ActiveCfg = Release|x86
		{1A9E43B5-86B4-414B-CF2B-CD6C3B8112D3}.Release|x86.Build.0 = Release|x86
		{99F0D18F-85BE-C595-6E52-36BC5ABFA1FA}.Debug|x64.ActiveCfg = Debug|x64
		{99F0D18F-85BE-C595-6E52-36BC5ABFA1FA}.Debug|x64.Build.0 = Debug|x64
		{99F0D18F-85BE-C595-6E52-36BC5ABFA1FA}.Debug|x86.ActiveCfg = Debug|x86
		{99F0D18F-85BE-C595-6E52-36BC5ABFA1FA}.Debug|x86.Build.0 = Debug|x86
		{99F0D18F-85BE-C595-6E52-36BC5ABFA1FA}.Release|x64.ActiveCfg = Release|x64
		{99F0D18F-85BE-C595-6E52-36BC5ABFA1FA}.Release|x64.Build.0 = Release|x64
		{99F0D18F-85BE-C595-6E52-36BC5ABFA1FA}.Release|x86.ActiveCfg = Release|x86
		{99F0D18F-85BE-C595-6E52-36BC5ABFA1FA}.Release|x86.Build.0 = Release|x86
		{8497530A-F0CE-9BA1-F9D8-FFC4658FC29A}.Debug|x64.ActiveCfg = Debug|x64
		{8497530A-F0CE-9BA1-F9D8-FFC4658FC29A}.Debug|x64.Build.0 = Debug|x64
		{8497530A-F0CE-9BA1-F9D8-FFC4658FC29A}.Debug|x86.ActiveCfg = Debug|Win32
		{8497530A-F0CE-9BA1-F9D8-FFC4658FC29A}.Debug|x86.Build.0 = Debug|Win32
		{8497530A-F0CE-9BA1-F9D8-FFC4658FC29A}.Release|x64.ActiveCfg = Release|x64
		{8497530A-F0CE-9BA1-F9D8-FFC4658FC29A}.Release|x64.Build.0 = Release|x64
		{8497530A-F0CE-9BA1-F9D8-FFC4658FC29A}.Release|x86.ActiveCfg = Release|Win32
		{8497530A-F0CE-9BA1-F9D8-FFC4658FC29A}.Release|x86.Build.0 = Release|Win32
		{78B7C81F-6446-52E9-0D65-66E4F9D2628F}.Debug|x64.ActiveCfg = Debug|x64
		{78B7C81F-6446-52E9-0D65-66E4F9D2628F}.Debug|x64.Build.0 = Debug|x64
		{78B7C81F-6446-52E9-0D65-66E4F9D2628F}.Debug|x86.ActiveCfg = Debug|Win32
		{78B7C81F-6446-52E9-0D65-66E4F9D2628F}.Debug|x86.Build.0 = Debug|Win32
		{78B7C81F-6446-52E9-0D65-66E4F9D2628F}.Release|x64.ActiveCfg = Release|x64
		{78B7C81F-6446-52E9-0D65-66E4F9D2628F}.Release|x64.Build.0 = Release|x64
		{78B7C81F-6446-52E9-0D65-66E4F9D2628F}.Release|x86.ActiveCfg = Release|Win32
		{78B7C81F-6446-52E9-0D65-66E4F9D2628F}.Release|x86.Build.0 = Release|Win32
		{2ABB4BF1-16E1-1558-FF26-9B23EBEB3A24}.Debug|x64.ActiveCfg = Debug|x64
		{2ABB4BF1-16E1-1558-FF26-9B23EBEB3A24}.Debug|x64.Build.0 = Debug|x64
		{2ABB4BF1-16E1-1558-FF26-9B23EBEB3A24}.Debug|x86.ActiveCfg = Debug|Win32
		{2ABB4BF1-16E1-1558-FF26-9B23EBEB3A24}.Debug|x86.Build.0 = Debug|Win32
		{2ABB4BF1-16E1-1558-FF26-9B23EBEB3A24}.Release|x64.ActiveCfg = Release|x64
		{2ABB4BF1-16E1-1558-FF26-9B23EBEB3A24}.Release|x64.Build.0 = Release|x64
		{2ABB4BF1-16E1-1558-FF26-9B23EBEB3A24}.Release|x86.ActiveCfg = Release|Win32
		{2ABB4BF1-16E1-1558-FF26-9B23EBEB3A24}.Release|x86.Build.0 = Release|Win32
		{ED8F3358-59C7-7BEF-62D1-DF12CE87A2E8}.Debug|x64.ActiveCfg = Debug|x64
		{ED8F3358-59C7-7BEF-62D1-DF12CE87A2E8}.Debug|x64.Build.0 = Debug|x64
		{ED8F3358-59C7-7BEF-62D1-DF12CE87A2E8}.Debug|x86.ActiveCfg = Debug|Win32
		{ED8F3358-59C7-7BEF-62D1-DF12CE87A2E8}.Debug|x86.Build.0 = Debug|Win32
		{ED8F3358-59C7-7BEF-62D1-DF12CE87A2E8}.Release|x64.ActiveCfg = Release|x64
		{ED8F3358-59C7-7BEF-62D1-DF12CE87A2E8}.Release|x64.Build.0 = Release|x64
		{ED8F3358-59C7-7BEF-62D1-DF12CE87A2E8}.Release|x86.ActiveCfg = Release|Win32
		{ED8F3358-59C7-7BEF-62D1-DF12CE87A2E8}.Release|x86.Build.0 = Release|Win32
		{11F982B8-7D5A-60C6-06C8-A67872289785}.Debug|x64.ActiveCfg = Debug|x64
		{11F982B8-7D5A-60C6-06C8-A67872289785}.Debug|x64.Build.0 = Debug|x64
		{11F982B8-7D5A-60C6-06C8-A67872289785}.Debug|x86.ActiveCfg = Debug|Win32
		{11F982B8-7D5A-60C6-06C8-A67872289785}.Debug|x86.Build.0 = Debug|Win32
		{11F982B8-7D5A-60C6-06C8-A67872289785}.Release|x64.ActiveCfg = Release|x64
		{11F982B8-7D5A-60C6-06C8-A67872289785}.Release|x64.Build.0 = Release|x64
		{11F982B8-7D5A-60C6-06C8-A67872289785}.Release|x86.ActiveCfg = Release|Win32
		{11F982B8-7D5A-60C6-06C8-A67872289785}.Release|x86.Build.0 = Release|Win32
		{8295E426-EE01-A021-B7F5-377F2321C289}.Debug|x64.ActiveCfg = Debug|x64
		{8295E426-EE01-A021-B7F5-377F2321C289}.Debug|x64.Build.0 = Debug|x64
		{8295E426-EE01-A021-B7F5-377F2321C289}.Debug|x86.ActiveCfg = Debug|Win32
		{8295E426-EE01-A021-B7F5-377F2321C289}.Debug|x86.Build.0 = Debug|Win32
		{8295E426-EE01-A021-B7F5-377F2321C289}.Release|x64.ActiveCfg = Release|x64
		{8295E426-EE01-A021-B7F5-377F2321C289}.Release|x64.Build.0 = Release|x64
		{8295E426-EE01-A021-B7F5-377F2321C289}.Release|x86.ActiveCfg = Release|Win32
		{8295E426-EE01-A021-B7F5-377F2321C289}.Release|x86.Build.0 = Release|Win32
		{7628E9A8-620C-AAFE-CB6C-A451B76F9480}.Debug|x64.ActiveCfg = Debug|x64
		{7628E9A8-620C-AAFE-CB6C-A451B76F9480}.Debug|x64.Build.0 = Debug|x64
		{7628E9A8-620C-AAFE-CB6C-A451B76F9480}.Debug|x86.ActiveCfg = Debug|Win32
		{7628E9A8-620C-AAFE-CB6C-A451B76F9480}.Debug|x86.Build.0 = Debug|Win32
		{7628E9A8-620C-AAFE-CB6C-A451B76F9480}.Release|x64.ActiveCfg = Release|x64
		{7628E9A8-620C-AAFE-CB6C-A451B76F9480}.Release|x64.Build.0 = Release|x64
		{7628E9A8-620C-AAFE-CB6C-A451B76F9480}.Release|x86.ActiveCfg = Release|Win32
		{7628E9A8-620C-AAFE-CB6C-A451B76F9480}.Release|x86.Build.0 = Release|Win32
		{B922F505-787B-48DF-8458-647C3FF3E5F4}.Debug|x64.ActiveCfg = Debug|x64
		{B922F505-787B-48DF-8458-647C3FF3E5F4}.Debug|x64.Build.0 = Debug|x64
		{B922F505-787B-48DF-8458-647C3FF3E5F4}.Debug|x86.ActiveCfg = Debug|Win32
		{B922F505-787B-48DF-8458-647C3FF3E5F4}.Debug|x86.Build.0 = Debug|Win32
		{B922F505-787B-48DF-8458-647C3FF3E5F4}.Release|x64.ActiveCfg = Release|x64
		{B922F505-787B-48DF-8458-647C3FF3E5F4}.Release|x64.Build.0 = Release|x64
		{B922F505-787B-48DF-8458-647C3FF3E5F4}.Release|x86.ActiveCfg = Release|Win32
		{B922F505-787B-48DF-8458-647C3FF3E5F4}.Release|x86.Build.0 = Release|Win32
		{A8971386-9452-0332-3D0A-7C7C29A44DC2}.Debug|x64.ActiveCfg = Debug|x64
		{A8971386-9452-0332-3D0A-7C7C29A44DC2}.Debug|x64.Build.0 = Debug|x64
		{A8971386-9452-0332-3D0A-7C7C29A44DC2}.Debug|x86.ActiveCfg = Debug|Win32
		{A8971386-9452-0332-3D0A-7C7C29A44DC2}.Debug|x86.Build.0 = Debug|Win32
		{A8971386-9452-0332-3D0A-7C7C29A44DC2}.Release|x64.ActiveCfg = Release|x64
		{A8971386-9452-0332-3D0A-7C7C29A44DC2}.Release|x64.Build.0 = Release|x64
		{A8971386-9452-0332-3D0A-7C7C29A44DC2}.Release|x86.ActiveCfg = Release|Win32
		{A8971386-9452-0332-3D0A-7C7C29A44DC2}.Release|x86.Build.0 = Release|Win32
		{AB5F6900-17CC-24FB-E0BF-BC584CEB4663}.Debug|x64.ActiveCfg = Debug|x64
		{AB5F6900-17CC-24FB-E0BF-BC584CEB4663}.Debug|x64.Build.0 = Debug|x64
		{AB5F6900-17CC-24FB-E0BF-BC584CEB4663}.Debug|x86.ActiveCfg = Debug|Win32
		{AB5F6900-17CC-24FB-E0BF-BC584CEB4663}.Debug|x86.Build.0 = Debug|Win32
		{AB5F6900-17CC-24FB-E0BF-BC584CEB4663}.Release|x64.ActiveCfg = Release|x64
		{AB5F6900-17CC-24FB-E0BF-BC584CEB4663}.Release|x64.Build.0 = Release|x64
		{AB5F6900-17CC-24FB-E0BF-BC584CEB4663}.Release|x86.ActiveCfg = Release|Win32
		{AB5F6900-17CC-24FB-E0BF-BC584CEB4663}.Release|x86.Build.0 = Release|Win32
		{CF2FC45E-3B46-C2F4-84BD-4D16F012937C}.Debug|x64.ActiveCfg = Debug|x64
		{CF2FC45E-3B46-C2F4-84BD-4D16F012937C}.Debug|x64.Build.0 = Debug|x64
		{CF2FC45E-3B46-C2F4-84BD-4D16F012937C}.Debug|x86.ActiveCfg = Debug|Win32
		{CF2FC45E-3B46-C2F4-84BD-4D16F012937C}.Debug|x86.Build.0 = Debug|Win32
		{CF2FC45E-3B46-C2F4-84BD-4D16F012937C}.Release|x64.ActiveCfg = Release|x64
		{CF2FC45E-3B46-C2F4-84BD-4D16F012937C}.Release|x64.Build.0 = Release|x64
		{CF2FC45E-3B46-C2F4-84BD-4D16F012937C}.Release|x86.ActiveCfg = Release|Win32
		{CF2FC45E-3B46-C2F4-84BD-4D16F012937C}.Release|x86.Build.0 = Release|Win32
		{C2163E4D-AED1-2DF9-5789-A64343237889}.Debug|x64.ActiveCfg = Debug|x64
		{C2163E4D-AED1-2DF9-5789-A64343237889}.Debug|x64.Build.0 = Debug|x64
		{C2163E4D-AED1-2DF9-5789-A64343237889}.Debug|x86.ActiveCfg = Debug|x86
		{C2163E4D-AED1-2DF9-5789-A64343237889}.Debug|x86.Build.0 = Debug|x86
		{C2163E4D-AED1-2DF9-5789-A64343237889}.Release|x64.ActiveCfg = Release|x64
		{C2163E4D-AED1-2DF9-5789-A64343237889}.Release|x64.Build.0 = Release|x64
		{C2163E4D-AED1-2DF9-5789-A64343237889}.Release|x86.ActiveCfg = Release|x86
		{C2163E4D-AED1-2DF9-5789-A64343237889}.Release|x86.Build.0 = Release|x86
		{364FE99C-A211-1D27-EBC1-ABB357C3F504}.Debug|x64.ActiveCfg = Debug|x64
		{364FE99C-A211-1D27-EBC1-ABB357C3F504}.Debug|x64.Build.0 = Debug|x64
		{364FE99C-A211-1D27-EBC1-ABB357C3F504}.Debug|x86.ActiveCfg = Debug|x86
		{364FE99C-A211-1D27-EBC1-ABB357C3F504}.Debug|x86.Build.0 = Debug|x86
		{364FE99C-A211-1D27-EBC1-ABB357C3F504}.Release|x64.ActiveCfg = Release|x64
		{364FE99C-A211-1D27-EBC1-ABB357C3F504}.Release|x64.Build.0 = Release|x64
		{364FE99C-A211-1D27-EBC1-ABB357C3F504}.Release|x86.ActiveCfg = Release|x86
		{364FE99C-A211-1D27-EBC1-ABB357C3F504}.Release|x86.Build.0 = Release|x86
		{2872FC76-942B-6721-1D8B-81FB89431D91}.Debug|x64.ActiveCfg = Debug|x64
		{2872FC76-942B-6721-1D8B-81FB89431D91}.Debug|x64.Build.0 = Debug|x64
		{2872FC76-942B-6721-1D8B-81FB89431D91}.Debug|x86.ActiveCfg = Debug|x86
		{2872FC76-942B-6721-1D8B-81FB89431D91}.Debug|x86.Build.0 = Debug|x86
		{2872FC76-942B-6721-1D8B-81FB89431D91}.Release|x64.ActiveCfg = Release|x64
		{2872FC76-942B-6721-1D8B-81FB89431D91}.Release|x64.Build.0 = Release|x64
		{2872FC76-942B-6721-1D8B-81FB89431D91}.Release|x86.ActiveCfg = Release|x86
		{2872FC76-942B-6721-1D8B-81FB89431D91}.Release|x86.Build.0 = Release|x86
		{CBB8C692-B773-B63E-602B-2F894CC500CF}.Debug|x64.ActiveCfg = Debug|x64
		{CBB8C692-B773-B63E-602B-2F894CC500CF}.Debug|x64.Build.0 = Debug|x64
		{CBB8C692-B773-B63E-602B-2F894CC500CF}.Debug|x86.ActiveCfg = Debug|x86
		{CBB8C692-B773-B63E-602B-2F894CC500CF}.Debug|x86.Build.0 = Debug|x86
		{CBB8C692-B773-B63E-602B-2F894CC500CF}.Release|x64.ActiveCfg = Release|x64
		{CBB8C692-B773-B63E-602B-2F894CC500CF}.Release|x64.Build.0 = Release|x64
		{CBB8C692-B773-B63E-602B-2F894CC500CF}.Release|x86.ActiveCfg = Release|x86
		{CBB8C692-B773-B63E-602B-2F894CC500CF}.Release|x86.Build.0 = Release|x86
		{6F7819BE-5B9D-683E-84E8-4DCE706C675C}.Debug|x64.ActiveCfg = Debug|x64
		{6F7819BE-5B9D-683E-84E8-4DCE706C675C}.Debug|x64.Build.0 = Debug|x64
		{6F7819BE-5B9D-683E-84E8-4DCE706C675C}.Debug|x86.ActiveCfg = Debug|x86
		{6F7819BE-5B9D-683E-84E8-4DCE706C675C}.Debug|x86.Build.0 = Debug|x86
		{6F7819BE-5B9D-683E-84E8-4DCE706C675C}.Release|x64.ActiveCfg = Release|x64
		{6F7819BE-5B9D-683E-84E8-4DCE706C675C}.Release|x64.Build.0 = Release|x64
		{6F7819BE-5B9D-683E-84E8-4DCE706C675C}.Release|x86.ActiveCfg = Release|x86
		{6F7819BE-5B9D-683E-84E8-4DCE706C675C}.Release|x86.Build.0 = Release|x86
	EndGlobalSection
	GlobalSection(SolutionProperties) = preSolution
		HideSolutionNode = FALSE
	EndGlobalSection
	GlobalSection(NestedProjects) = preSolution
		{C5CB46AA-31D9-7490-BABF-707B26CC4047} = {8EEA5341-7AE3-7293-A315-58188F6D529F}
		{304B7BCA-9C0B-F700-6546-407ED1C53BDD} = {8EEA5341-7AE3-7293-A315-58188F6D529F}
		{DA08740A-46BE-ECFF-CFB2-E6D63B67E303} = {8EEA5341-7AE3-7293-A315-58188F6D529F}
		{2CA20DFF-1870-0105-0104-722BED70DD69} = {8EEA5341-7AE3-7293-A315-58188F6D529F}
		{23B80329-8F19-E136-1887-27E984E717F6} = {8EEA5341-7AE3-7293-A315-58188F6D529F}
		{6E4185F1-DA01-0128-A33C-4AA50FBC4504} = {8EEA5341-7AE3-7293-A315-58188F6D529F}
		{6220F0B8-4ED8-3106-B7DF-0A62A3B6CCF6} = {8EEA5341-7AE3-7293-A315-58188F6D529F}
		{BFF6E420-2BB7-6057-F4F1-A9D46071A533} = {8EEA5341-7AE3-7293-A315-58188F6D529F}
		{947DBF41-800C-490B-292B-5D06159959B1} = {8EEA5341-7AE3-7293-A315-58188F6D529F}
		{2E5035E8-9ABA-E95E-E3F8-9A044FA2C7B3} = {8EEA5341-7AE3-7293-A315-58188F6D529F}
		{29558C7F-9515-08B6-5E50-5133CACF4C92} = {8EEA5341-7AE3-7293-A315-58188F6D529F}
		{78FF31B0-E415-3046-2D8D-BB6799E200CE} = {8EEA5341-7AE3-7293-A315-58188F6D529F}
		{97F2FA73-03B3-76AA-CCED-BF27386DBB86} = {8EEA5341-7AE3-7293-A315-58188F6D529F}
		{79E2B1E1-E597-2AD7-6E8C-24AEDA4021DB} = {8EEA5341-7AE3-7293-A315-58188F6D529F}
		{3235328C-9EEA-AA81-27DF-A4589393A185} = {8EEA5341-7AE3-7293-A315-58188F6D529F}
		{BBDEA9EA-2749-5E61-7087-0F07DC303CB6} = {8EEA5341-7AE3-7293-A315-58188F6D529F}
		{2EBB9F63-9A70-1859-2365-12308F190F5D} = {C4FCC281-B0E0-83D7-1941-7E2A05446E59}
		{8312F8CB-EFD4-2B56-3885-BAE2A4860434} = {C4FCC281-B0E0-83D7-1941-7E2A05446E59}
		{722C21F4-DEEE-547E-279F-E30A93A02D5C} = {C4FCC281-B0E0-83D7-1941-7E2A05446E59}
		{E7C1D17B-F4A8-4FFA-89A3-E3517496978A} = {C4FCC281-B0E0-83D7-1941-7E2A05446E59}
		{425F2CCF-AE1F-A805-775A-F182E3D9ECE1} = {C4FCC281-B0E0-83D7-1941-7E2A05446E59}
		{958FEC15-0F27-4E04-8BA1-977CFF6407EC} = {C4FCC281-B0E0-83D7-1941-7E2A05446E59}
		{580619A0-C470-CD16-0DAF-7EBC7958AB6B} = {C4FCC281-B0E0-83D7-1941-7E2A05446E59}
		{D55E006C-F3FB-4832-A657-8255FB1260FD} = {C4FCC281-B0E0-83D7-1941-7E2A05446E59}
		{2A237800-1686-07A5-BF0B-405BAB4DD327} = {C4FCC281-B0E0-83D7-1941-7E2A05446E59}
		{EC099BDE-58BF-13D4-E1B3-0DAB4D680AD8} = {C4FCC281-B0E0-83D7-1941-7E2A05446E59}
		{614F3293-CD65-3029-16DD-BB4A823201B1} = {C4FCC281-B0E0-83D7-1941-7E2A05446E59}
		{7977FE57-E58D-FCED-2E05-880F9A5ACD75} = {C4FCC281-B0E0-83D7-1941-7E2A05446E59}
		{E09B194C-CC68-7457-F581-62FFE1ADA9E5} = {C4FCC281-B0E0-83D7-1941-7E2A05446E59}
		{4B205313-B78C-0E0E-8080-A66BECAB3076} = {C4FCC281-B0E0-83D7-1941-7E2A05446E59}
		{FD363BE5-69EC-B3DA-F2E0-ADB15E95AADE} = {C4FCC281-B0E0-83D7-1941-7E2A05446E59}
		{9204ACE6-7EE8-6C3C-E748-678FD34B57BE} = {C4FCC281-B0E0-83D7-1941-7E2A05446E59}
		{24363B9E-2DEF-4899-9BD6-89D3569784E1} = {C4FCC281-B0E0-83D7-1941-7E2A05446E59}
		{AC6878E8-1848-F783-2160-825A8DBE5DE5} = {C4FCC281-B0E0-83D7-1941-7E2A05446E59}
		{A50BF0A4-81E0-4C38-85C1-60C3F5B668B4} = {C4FCC281-B0E0-83D7-1941-7E2A05446E59}
		{E7F2C3BE-53A8-3CB4-DC9C-368B485133B8} = {C4FCC281-B0E0-83D7-1941-7E2A05446E59}
		{76BD0CFA-E248-7ABE-EB59-FDB25764D6BE} = {C4FCC281-B0E0-83D7-1941-7E2A05446E59}
		{D55C7016-4112-E90B-CA06-E3E236BBDF0F} = {C4FCC281-B0E0-83D7-1941-7E2A05446E59}
		{4A2198F1-1828-49A9-9E4F-DBC43D9CDB9B} = {C4FCC281-B0E0-83D7-1941-7E2A05446E59}
		{37EC85A8-A356-3A1F-EC94-EBC4583E1874} = {C4FCC281-B0E0-83D7-1941-7E2A05446E59}
		{B03C30FF-1CA7-E475-65E5-951BD18EC2CA} = {C4FCC281-B0E0-83D7-1941-7E2A05446E59}
		{64290094-BCA8-42C0-B398-D3EEC8BD7B8F} = {C4FCC281-B0E0-83D7-1941-7E2A05446E59}
		{437243B5-AF88-414B-F8FF-CC6C645512D3} = {C4FCC281-B0E0-83D7-1941-7E2A05446E59}
		{F9EF6D57-65CF-ECF2-6EE7-77C9DA455354} = {C4FCC281-B0E0-83D7-1941-7E2A05446E59}
		{E393DE5E-CFE4-C9A0-F848-B862E4F85C0A} = {AC6E6588-18DB-2083-E1CE-B8E04DFA42EB}
		{F24A279E-DE9B-12E0-0700-01A2F3AFA549} = {AC6E6588-18DB-2083-E1CE-B8E04DFA42EB}
		{2E6E52F8-1A52-134E-83B2-0DA16FB5FDCF} = {AC6E6588-18DB-2083-E1CE-B8E04DFA42EB}
		{2895D90F-19A5-452C-A0BF-7D84F836AE48} = {AC6E6588-18DB-2083-E1CE-B8E04DFA42EB}
		{1846D65E-043F-F5B0-2D71-DA3519C9D4BC} = {AC6E6588-18DB-2083-E1CE-B8E04DFA42EB}
		{010AF17D-D54A-4D2D-97F9-1056927838A4} = {AC6E6588-18DB-2083-E1CE-B8E04DFA42EB}
		{AA829EBF-16E4-7BCD-9F51-C27F0BB2B28C} = {AC6E6588-18DB-2083-E1CE-B8E04DFA42EB}
		{01EBD3CF-ED0F-2350-165B-08E002DF216E} = {AC6E6588-18DB-2083-E1CE-B8E04DFA42EB}
		{2CFBA552-18DF-66A8-813F-61FB6D42512A} = {AC6E6588-18DB-2083-E1CE-B8E04DFA42EB}
		{19088F26-052D-DEA6-2E78-C3361AFCDCC4} = {AC6E6588-18DB-2083-E1CE-B8E04DFA42EB}
		{A052B65E-0CDE-2323-15EF-A61781F97F23} = {AC6E6588-18DB-2083-E1CE-B8E04DFA42EB}
		{1DAB10E8-098F-D13D-72EF-CB905EF2BBBF} = {AC6E6588-18DB-2083-E1CE-B8E04DFA42EB}
		{12BF4925-7E81-7DAF-C731-0C3C3333568D} = {AC6E6588-18DB-2083-E1CE-B8E04DFA42EB}
		{309579C6-D84F-4231-A18A-C255499D107B} = {AC6E6588-18DB-2083-E1CE-B8E04DFA42EB}
		{EC416D5F-D80F-6165-C1A3-D18BAD103DCA} = {AC6E6588-18DB-2083-E1CE-B8E04DFA42EB}
		{C79B45C3-B37F-0619-1CE0-006C08E3F09A} = {AC6E6588-18DB-2083-E1CE-B8E04DFA42EB}
		{760F4D68-6209-76BA-4B76-0CCB370FDC26} = {AC6E6588-18DB-2083-E1CE-B8E04DFA42EB}
		{F5CDF5E6-E1B1-B63C-4A12-B18F3615A1BE} = {AC6E6588-18DB-2083-E1CE-B8E04DFA42EB}
		{BD1AA73D-B577-49DE-91B8-551C566F5C46} = {AC6E6588-18DB-2083-E1CE-B8E04DFA42EB}
		{17FB87E6-03F4-A638-2C26-8CBD187E8644} = {AC6E6588-18DB-2083-E1CE-B8E04DFA42EB}
		{70E99517-5CE2-B469-8514-9AEE716C9475} = {AC6E6588-18DB-2083-E1CE-B8E04DFA42EB}
		{2547231D-917E-6BB4-9A88-CFD7063F92AD} = {AC6E6588-18DB-2083-E1CE-B8E04DFA42EB}
		{1A9E43B5-86B4-414B-CF2B-CD6C3B8112D3} = {AC6E6588-18DB-2083-E1CE-B8E04DFA42EB}
		{99F0D18F-85BE-C595-6E52-36BC5ABFA1FA} = {AC6E6588-18DB-2083-E1CE-B8E04DFA42EB}
		{61A82F21-4D63-1FCD-F61A-9817E2B4695D} = {4FD271FD-3BE2-1DCE-A49B-82EC90CA0C67}
		{8497530A-F0CE-9BA1-F9D8-FFC4658FC29A} = {61A82F21-4D63-1FCD-F61A-9817E2B4695D}
		{78B7C81F-6446-52E9-0D65-66E4F9D2628F} = {61A82F21-4D63-1FCD-F61A-9817E2B4695D}
		{2ABB4BF1-16E1-1558-FF26-9B23EBEB3A24} = {61A82F21-4D63-1FCD-F61A-9817E2B4695D}
		{ED8F3358-59C7-7BEF-62D1-DF12CE87A2E8} = {61A82F21-4D63-1FCD-F61A-9817E2B4695D}
		{11F982B8-7D5A-60C6-06C8-A67872289785} = {61A82F21-4D63-1FCD-F61A-9817E2B4695D}
		{574ABB2B-4370-8592-2CB6-0A5E187BAA5E} = {4FD271FD-3BE2-1DCE-A49B-82EC90CA0C67}
		{8295E426-EE01-A021-B7F5-377F2321C289} = {574ABB2B-4370-8592-2CB6-0A5E187BAA5E}
		{7628E9A8-620C-AAFE-CB6C-A451B76F9480} = {574ABB2B-4370-8592-2CB6-0A5E187BAA5E}
		{B922F505-787B-48DF-8458-647C3FF3E5F4} = {574ABB2B-4370-8592-2CB6-0A5E187BAA5E}
		{A8971386-9452-0332-3D0A-7C7C29A44DC2} = {574ABB2B-4370-8592-2CB6-0A5E187BAA5E}
		{AB5F6900-17CC-24FB-E0BF-BC584CEB4663} = {574ABB2B-4370-8592-2CB6-0A5E187BAA5E}
		{CF2FC45E-3B46-C2F4-84BD-4D16F012937C} = {574ABB2B-4370-8592-2CB6-0A5E187BAA5E}
		{FFB19501-6B20-EB80-B409-A68020B7E01C} = {4FD271FD-3BE2-1DCE-A49B-82EC90CA0C67}
		{C2163E4D-AED1-2DF9-5789-A64343237889} = {FFB19501-6B20-EB80-B409-A68020B7E01C}
		{364FE99C-A211-1D27-EBC1-ABB357C3F504} = {FFB19501-6B20-EB80-B409-A68020B7E01C}
		{2872FC76-942B-6721-1D8B-81FB89431D91} = {FFB19501-6B20-EB80-B409-A68020B7E01C}
		{CBB8C692-B773-B63E-602B-2F894CC500CF} = {FFB19501-6B20-EB80-B409-A68020B7E01C}
		{6F7819BE-5B9D-683E-84E8-4DCE706C675C} = {FFB19501-6B20-EB80-B409-A68020B7E01C}
	EndGlobalSection
EndGlobal
